
Microsoft Visual Studio Solution File, Format Version 12.00
# Visual Studio Version 17
VisualStudioVersion = 17.8.34408.163
MinimumVisualStudioVersion = 10.0.40219.1
Project("{9A19103F-16F7-4668-BE54-9A1E7A4F7556}") = "OpenSmc.Ifrs17.Domain", "OpenSmc.Ifrs17.Domain\OpenSmc.Ifrs17.Domain.csproj", "{A3001512-3B55-420B-B1C7-1350C69A142F}"
EndProject
Project("{9A19103F-16F7-4668-BE54-9A1E7A4F7556}") = "OpenSmc.Ifrs17.Domain.Test", "OpenSmc.Ifrs17.Domain.Test\OpenSmc.Ifrs17.Domain.Test.csproj", "{185CFFE3-D491-4869-AF87-D210A5AFA434}"
EndProject
Project("{2150E333-8FDC-42A3-9474-1A3956D46DE8}") = "OpenSmc", "OpenSmc", "{74F80CED-05CC-4D74-A4C1-57FC8BCC0BC9}"
EndProject
Project("{9A19103F-16F7-4668-BE54-9A1E7A4F7556}") = "OpenSmc.Arithmetics", "..\OpenSmc\src\OpenSmc.Arithmetics\OpenSmc.Arithmetics.csproj", "{BEE44D41-7CC0-4E29-A2E5-EBC55C6EED7D}"
EndProject
Project("{9A19103F-16F7-4668-BE54-9A1E7A4F7556}") = "OpenSmc.Arithmetics.Abstractions", "..\OpenSmc\src\OpenSmc.Arithmetics.Abstractions\OpenSmc.Arithmetics.Abstractions.csproj", "{7A6FB48E-D53C-4561-B92C-01D94F9F28A4}"
EndProject
Project("{9A19103F-16F7-4668-BE54-9A1E7A4F7556}") = "OpenSmc.Collections", "..\OpenSmc\src\OpenSmc.Collections\OpenSmc.Collections.csproj", "{2BB84504-1BD7-457D-B8EA-1067AEB12340}"
EndProject
Project("{9A19103F-16F7-4668-BE54-9A1E7A4F7556}") = "OpenSmc.Conventions", "..\OpenSmc\src\OpenSmc.Conventions\OpenSmc.Conventions.csproj", "{BD911821-A665-415F-B39E-C238F20DDB63}"
EndProject
Project("{9A19103F-16F7-4668-BE54-9A1E7A4F7556}") = "OpenSmc.Domain.Abstractions", "..\OpenSmc\src\OpenSmc.Domain.Abstractions\OpenSmc.Domain.Abstractions.csproj", "{88E64296-CC9C-4D6F-B4AD-585A9F672B89}"
EndProject
Project("{9A19103F-16F7-4668-BE54-9A1E7A4F7556}") = "OpenSmc.Equality", "..\OpenSmc\src\OpenSmc.Equality\OpenSmc.Equality.csproj", "{B6A9A99D-4842-4762-BDBC-826B902C24E6}"
EndProject
Project("{9A19103F-16F7-4668-BE54-9A1E7A4F7556}") = "OpenSmc.Reflection", "..\OpenSmc\src\OpenSmc.Reflection\OpenSmc.Reflection.csproj", "{7EB138A4-7CED-4DA8-AE0D-55C6D8C88992}"
EndProject
Project("{9A19103F-16F7-4668-BE54-9A1E7A4F7556}") = "OpenSmc.DataSetReader", "..\OpenSmc\src\OpenSmc.DataSetReader\OpenSmc.DataSetReader.csproj", "{2C6580AA-ABBF-44D8-AF93-73750FAD6B7E}"
EndProject
Project("{9A19103F-16F7-4668-BE54-9A1E7A4F7556}") = "OpenSmc.DataSetReader.Csv", "..\OpenSmc\src\OpenSmc.DataSetReader.Csv\OpenSmc.DataSetReader.Csv.csproj", "{BC8C6BCB-D973-413C-913A-94B264413FB4}"
EndProject
Project("{9A19103F-16F7-4668-BE54-9A1E7A4F7556}") = "OpenSmc.DataSetReader.Excel", "..\OpenSmc\src\OpenSmc.DataSetReader.Excel\OpenSmc.DataSetReader.Excel.csproj", "{796C9144-45F9-499A-8D6A-0442E85A0B98}"
EndProject
Project("{9A19103F-16F7-4668-BE54-9A1E7A4F7556}") = "OpenSmc.ServiceProvider", "..\OpenSmc\src\OpenSmc.ServiceProvider\OpenSmc.ServiceProvider.csproj", "{3AD5CE10-043C-4B8F-9EC7-234520100A61}"
EndProject
Project("{9A19103F-16F7-4668-BE54-9A1E7A4F7556}") = "OpenSmc.DataSetReader.Abstractions", "..\OpenSmc\src\OpenSmc.DataSetReader.Abstractions\OpenSmc.DataSetReader.Abstractions.csproj", "{DCBC368D-B996-490C-9479-10813D8940B7}"
EndProject
Project("{9A19103F-16F7-4668-BE54-9A1E7A4F7556}") = "OpenSmc.DataStructures", "..\OpenSmc\src\OpenSmc.DataStructures\OpenSmc.DataStructures.csproj", "{BE94EB46-2E1B-4C8F-9A02-2627C6E73CAC}"
EndProject
Project("{9A19103F-16F7-4668-BE54-9A1E7A4F7556}") = "OpenSmc.DataSetReader.Excel.BinaryFormat", "..\OpenSmc\src\OpenSmc.DataSetReader.Excel.BinaryFormat\OpenSmc.DataSetReader.Excel.BinaryFormat.csproj", "{6BF8A738-2345-4592-84CC-884F9745BEC0}"
EndProject
Project("{9A19103F-16F7-4668-BE54-9A1E7A4F7556}") = "OpenSmc.DataSetReader.Excel.OpenXmlFormat", "..\OpenSmc\src\OpenSmc.DataSetReader.Excel.OpenXmlFormat\OpenSmc.DataSetReader.Excel.OpenXmlFormat.csproj", "{17CA336C-5E18-4980-9B6F-923260AD9C73}"
EndProject
Project("{9A19103F-16F7-4668-BE54-9A1E7A4F7556}") = "OpenSmc.DataSetReader.Excel.Utils", "..\OpenSmc\src\OpenSmc.DataSetReader.Excel.Utils\OpenSmc.DataSetReader.Excel.Utils.csproj", "{554AAD01-533F-40AB-BDC3-81285AB19741}"
EndProject
Project("{9A19103F-16F7-4668-BE54-9A1E7A4F7556}") = "OpenSmc.Scopes", "..\OpenSmc\src\OpenSmc.Scopes\OpenSmc.Scopes.csproj", "{F340136F-9226-4872-88FC-D0C0C9098061}"
EndProject
Project("{9A19103F-16F7-4668-BE54-9A1E7A4F7556}") = "OpenSmc.Utils", "..\OpenSmc\src\OpenSmc.Utils\OpenSmc.Utils.csproj", "{B7385328-376E-4D1E-B62A-D5F7CF31003C}"
EndProject
Project("{9A19103F-16F7-4668-BE54-9A1E7A4F7556}") = "OpenSmc.DataCubes.Abstractions", "..\OpenSmc\src\OpenSmc.DataCubes.Abstractions\OpenSmc.DataCubes.Abstractions.csproj", "{F4D4494A-78F4-4641-A44C-46BA15627EC5}"
EndProject
Project("{9A19103F-16F7-4668-BE54-9A1E7A4F7556}") = "OpenSmc.Workspace", "..\OpenSmc\src\OpenSmc.Workspace\OpenSmc.Workspace.csproj", "{915C3B8D-6816-4473-9B6B-5B545A1B743E}"
EndProject
Project("{9A19103F-16F7-4668-BE54-9A1E7A4F7556}") = "OpenSmc.DotNet.Kernel", "..\OpenSmc\src\OpenSmc.DotNet.Kernel\OpenSmc.DotNet.Kernel.csproj", "{ED9E7766-F7E9-4764-9132-006237AD34C2}"
EndProject
Project("{9A19103F-16F7-4668-BE54-9A1E7A4F7556}") = "OpenSmc.Scheduling", "..\OpenSmc\src\OpenSmc.Scheduling\OpenSmc.Scheduling.csproj", "{D97ED46D-D502-406C-BC29-D555FC35F6AC}"
EndProject
Project("{9A19103F-16F7-4668-BE54-9A1E7A4F7556}") = "OpenSmc.Partition", "..\OpenSmc\src\OpenSmc.Partition\OpenSmc.Partition.csproj", "{C74AC956-D15F-4AF6-994B-C43AA38FD34A}"
EndProject
Project("{9A19103F-16F7-4668-BE54-9A1E7A4F7556}") = "OpenSmc.Hierarchies", "..\OpenSmc\src\OpenSmc.Hierarchies\OpenSmc.Hierarchies.csproj", "{10B5392C-A09F-4E29-9573-E5E5B5ACC036}"
EndProject
Project("{9A19103F-16F7-4668-BE54-9A1E7A4F7556}") = "OpenSmc.DataSource.Abstractions", "..\OpenSmc\src\OpenSmc.DataSource.Abstractions\OpenSmc.DataSource.Abstractions.csproj", "{7E3A9D81-3B02-47B2-BE59-7575A0650CC7}"
EndProject
Project("{9A19103F-16F7-4668-BE54-9A1E7A4F7556}") = "OpenSmc.Pivot", "..\OpenSmc\src\OpenSmc.Pivot\OpenSmc.Pivot.csproj", "{D8A78172-A285-426E-903E-F8DE33BDAEB6}"
EndProject
Global
	GlobalSection(SolutionConfigurationPlatforms) = preSolution
		Debug|Any CPU = Debug|Any CPU
		Release|Any CPU = Release|Any CPU
	EndGlobalSection
	GlobalSection(ProjectConfigurationPlatforms) = postSolution
		{A3001512-3B55-420B-B1C7-1350C69A142F}.Debug|Any CPU.ActiveCfg = Debug|Any CPU
		{A3001512-3B55-420B-B1C7-1350C69A142F}.Debug|Any CPU.Build.0 = Debug|Any CPU
		{A3001512-3B55-420B-B1C7-1350C69A142F}.Release|Any CPU.ActiveCfg = Release|Any CPU
		{A3001512-3B55-420B-B1C7-1350C69A142F}.Release|Any CPU.Build.0 = Release|Any CPU
		{185CFFE3-D491-4869-AF87-D210A5AFA434}.Debug|Any CPU.ActiveCfg = Debug|Any CPU
		{185CFFE3-D491-4869-AF87-D210A5AFA434}.Debug|Any CPU.Build.0 = Debug|Any CPU
		{185CFFE3-D491-4869-AF87-D210A5AFA434}.Release|Any CPU.ActiveCfg = Release|Any CPU
		{185CFFE3-D491-4869-AF87-D210A5AFA434}.Release|Any CPU.Build.0 = Release|Any CPU
		{BEE44D41-7CC0-4E29-A2E5-EBC55C6EED7D}.Debug|Any CPU.ActiveCfg = Debug|Any CPU
		{BEE44D41-7CC0-4E29-A2E5-EBC55C6EED7D}.Debug|Any CPU.Build.0 = Debug|Any CPU
		{BEE44D41-7CC0-4E29-A2E5-EBC55C6EED7D}.Release|Any CPU.ActiveCfg = Release|Any CPU
		{BEE44D41-7CC0-4E29-A2E5-EBC55C6EED7D}.Release|Any CPU.Build.0 = Release|Any CPU
		{7A6FB48E-D53C-4561-B92C-01D94F9F28A4}.Debug|Any CPU.ActiveCfg = Debug|Any CPU
		{7A6FB48E-D53C-4561-B92C-01D94F9F28A4}.Debug|Any CPU.Build.0 = Debug|Any CPU
		{7A6FB48E-D53C-4561-B92C-01D94F9F28A4}.Release|Any CPU.ActiveCfg = Release|Any CPU
		{7A6FB48E-D53C-4561-B92C-01D94F9F28A4}.Release|Any CPU.Build.0 = Release|Any CPU
		{2BB84504-1BD7-457D-B8EA-1067AEB12340}.Debug|Any CPU.ActiveCfg = Debug|Any CPU
		{2BB84504-1BD7-457D-B8EA-1067AEB12340}.Debug|Any CPU.Build.0 = Debug|Any CPU
		{2BB84504-1BD7-457D-B8EA-1067AEB12340}.Release|Any CPU.ActiveCfg = Release|Any CPU
		{2BB84504-1BD7-457D-B8EA-1067AEB12340}.Release|Any CPU.Build.0 = Release|Any CPU
		{BD911821-A665-415F-B39E-C238F20DDB63}.Debug|Any CPU.ActiveCfg = Debug|Any CPU
		{BD911821-A665-415F-B39E-C238F20DDB63}.Debug|Any CPU.Build.0 = Debug|Any CPU
		{BD911821-A665-415F-B39E-C238F20DDB63}.Release|Any CPU.ActiveCfg = Release|Any CPU
		{BD911821-A665-415F-B39E-C238F20DDB63}.Release|Any CPU.Build.0 = Release|Any CPU
		{88E64296-CC9C-4D6F-B4AD-585A9F672B89}.Debug|Any CPU.ActiveCfg = Debug|Any CPU
		{88E64296-CC9C-4D6F-B4AD-585A9F672B89}.Debug|Any CPU.Build.0 = Debug|Any CPU
		{88E64296-CC9C-4D6F-B4AD-585A9F672B89}.Release|Any CPU.ActiveCfg = Release|Any CPU
		{88E64296-CC9C-4D6F-B4AD-585A9F672B89}.Release|Any CPU.Build.0 = Release|Any CPU
		{B6A9A99D-4842-4762-BDBC-826B902C24E6}.Debug|Any CPU.ActiveCfg = Debug|Any CPU
		{B6A9A99D-4842-4762-BDBC-826B902C24E6}.Debug|Any CPU.Build.0 = Debug|Any CPU
		{B6A9A99D-4842-4762-BDBC-826B902C24E6}.Release|Any CPU.ActiveCfg = Release|Any CPU
		{B6A9A99D-4842-4762-BDBC-826B902C24E6}.Release|Any CPU.Build.0 = Release|Any CPU
		{7EB138A4-7CED-4DA8-AE0D-55C6D8C88992}.Debug|Any CPU.ActiveCfg = Debug|Any CPU
		{7EB138A4-7CED-4DA8-AE0D-55C6D8C88992}.Debug|Any CPU.Build.0 = Debug|Any CPU
		{7EB138A4-7CED-4DA8-AE0D-55C6D8C88992}.Release|Any CPU.ActiveCfg = Release|Any CPU
		{7EB138A4-7CED-4DA8-AE0D-55C6D8C88992}.Release|Any CPU.Build.0 = Release|Any CPU
		{2C6580AA-ABBF-44D8-AF93-73750FAD6B7E}.Debug|Any CPU.ActiveCfg = Debug|Any CPU
		{2C6580AA-ABBF-44D8-AF93-73750FAD6B7E}.Debug|Any CPU.Build.0 = Debug|Any CPU
		{2C6580AA-ABBF-44D8-AF93-73750FAD6B7E}.Release|Any CPU.ActiveCfg = Release|Any CPU
		{2C6580AA-ABBF-44D8-AF93-73750FAD6B7E}.Release|Any CPU.Build.0 = Release|Any CPU
		{BC8C6BCB-D973-413C-913A-94B264413FB4}.Debug|Any CPU.ActiveCfg = Debug|Any CPU
		{BC8C6BCB-D973-413C-913A-94B264413FB4}.Debug|Any CPU.Build.0 = Debug|Any CPU
		{BC8C6BCB-D973-413C-913A-94B264413FB4}.Release|Any CPU.ActiveCfg = Release|Any CPU
		{BC8C6BCB-D973-413C-913A-94B264413FB4}.Release|Any CPU.Build.0 = Release|Any CPU
		{796C9144-45F9-499A-8D6A-0442E85A0B98}.Debug|Any CPU.ActiveCfg = Debug|Any CPU
		{796C9144-45F9-499A-8D6A-0442E85A0B98}.Debug|Any CPU.Build.0 = Debug|Any CPU
		{796C9144-45F9-499A-8D6A-0442E85A0B98}.Release|Any CPU.ActiveCfg = Release|Any CPU
		{796C9144-45F9-499A-8D6A-0442E85A0B98}.Release|Any CPU.Build.0 = Release|Any CPU
		{3AD5CE10-043C-4B8F-9EC7-234520100A61}.Debug|Any CPU.ActiveCfg = Debug|Any CPU
		{3AD5CE10-043C-4B8F-9EC7-234520100A61}.Debug|Any CPU.Build.0 = Debug|Any CPU
		{3AD5CE10-043C-4B8F-9EC7-234520100A61}.Release|Any CPU.ActiveCfg = Release|Any CPU
		{3AD5CE10-043C-4B8F-9EC7-234520100A61}.Release|Any CPU.Build.0 = Release|Any CPU
		{DCBC368D-B996-490C-9479-10813D8940B7}.Debug|Any CPU.ActiveCfg = Debug|Any CPU
		{DCBC368D-B996-490C-9479-10813D8940B7}.Debug|Any CPU.Build.0 = Debug|Any CPU
		{DCBC368D-B996-490C-9479-10813D8940B7}.Release|Any CPU.ActiveCfg = Release|Any CPU
		{DCBC368D-B996-490C-9479-10813D8940B7}.Release|Any CPU.Build.0 = Release|Any CPU
		{BE94EB46-2E1B-4C8F-9A02-2627C6E73CAC}.Debug|Any CPU.ActiveCfg = Debug|Any CPU
		{BE94EB46-2E1B-4C8F-9A02-2627C6E73CAC}.Debug|Any CPU.Build.0 = Debug|Any CPU
		{BE94EB46-2E1B-4C8F-9A02-2627C6E73CAC}.Release|Any CPU.ActiveCfg = Release|Any CPU
		{BE94EB46-2E1B-4C8F-9A02-2627C6E73CAC}.Release|Any CPU.Build.0 = Release|Any CPU
		{6BF8A738-2345-4592-84CC-884F9745BEC0}.Debug|Any CPU.ActiveCfg = Debug|Any CPU
		{6BF8A738-2345-4592-84CC-884F9745BEC0}.Debug|Any CPU.Build.0 = Debug|Any CPU
		{6BF8A738-2345-4592-84CC-884F9745BEC0}.Release|Any CPU.ActiveCfg = Release|Any CPU
		{6BF8A738-2345-4592-84CC-884F9745BEC0}.Release|Any CPU.Build.0 = Release|Any CPU
		{17CA336C-5E18-4980-9B6F-923260AD9C73}.Debug|Any CPU.ActiveCfg = Debug|Any CPU
		{17CA336C-5E18-4980-9B6F-923260AD9C73}.Debug|Any CPU.Build.0 = Debug|Any CPU
		{17CA336C-5E18-4980-9B6F-923260AD9C73}.Release|Any CPU.ActiveCfg = Release|Any CPU
		{17CA336C-5E18-4980-9B6F-923260AD9C73}.Release|Any CPU.Build.0 = Release|Any CPU
		{554AAD01-533F-40AB-BDC3-81285AB19741}.Debug|Any CPU.ActiveCfg = Debug|Any CPU
		{554AAD01-533F-40AB-BDC3-81285AB19741}.Debug|Any CPU.Build.0 = Debug|Any CPU
		{554AAD01-533F-40AB-BDC3-81285AB19741}.Release|Any CPU.ActiveCfg = Release|Any CPU
		{554AAD01-533F-40AB-BDC3-81285AB19741}.Release|Any CPU.Build.0 = Release|Any CPU
		{F340136F-9226-4872-88FC-D0C0C9098061}.Debug|Any CPU.ActiveCfg = Debug|Any CPU
		{F340136F-9226-4872-88FC-D0C0C9098061}.Debug|Any CPU.Build.0 = Debug|Any CPU
		{F340136F-9226-4872-88FC-D0C0C9098061}.Release|Any CPU.ActiveCfg = Release|Any CPU
		{F340136F-9226-4872-88FC-D0C0C9098061}.Release|Any CPU.Build.0 = Release|Any CPU
		{B7385328-376E-4D1E-B62A-D5F7CF31003C}.Debug|Any CPU.ActiveCfg = Debug|Any CPU
		{B7385328-376E-4D1E-B62A-D5F7CF31003C}.Debug|Any CPU.Build.0 = Debug|Any CPU
		{B7385328-376E-4D1E-B62A-D5F7CF31003C}.Release|Any CPU.ActiveCfg = Release|Any CPU
		{B7385328-376E-4D1E-B62A-D5F7CF31003C}.Release|Any CPU.Build.0 = Release|Any CPU
		{F4D4494A-78F4-4641-A44C-46BA15627EC5}.Debug|Any CPU.ActiveCfg = Debug|Any CPU
		{F4D4494A-78F4-4641-A44C-46BA15627EC5}.Debug|Any CPU.Build.0 = Debug|Any CPU
		{F4D4494A-78F4-4641-A44C-46BA15627EC5}.Release|Any CPU.ActiveCfg = Release|Any CPU
		{F4D4494A-78F4-4641-A44C-46BA15627EC5}.Release|Any CPU.Build.0 = Release|Any CPU
		{915C3B8D-6816-4473-9B6B-5B545A1B743E}.Debug|Any CPU.ActiveCfg = Debug|Any CPU
		{915C3B8D-6816-4473-9B6B-5B545A1B743E}.Debug|Any CPU.Build.0 = Debug|Any CPU
		{915C3B8D-6816-4473-9B6B-5B545A1B743E}.Release|Any CPU.ActiveCfg = Release|Any CPU
		{915C3B8D-6816-4473-9B6B-5B545A1B743E}.Release|Any CPU.Build.0 = Release|Any CPU
		{ED9E7766-F7E9-4764-9132-006237AD34C2}.Debug|Any CPU.ActiveCfg = Debug|Any CPU
		{ED9E7766-F7E9-4764-9132-006237AD34C2}.Debug|Any CPU.Build.0 = Debug|Any CPU
		{ED9E7766-F7E9-4764-9132-006237AD34C2}.Release|Any CPU.ActiveCfg = Release|Any CPU
		{ED9E7766-F7E9-4764-9132-006237AD34C2}.Release|Any CPU.Build.0 = Release|Any CPU
		{D97ED46D-D502-406C-BC29-D555FC35F6AC}.Debug|Any CPU.ActiveCfg = Debug|Any CPU
		{D97ED46D-D502-406C-BC29-D555FC35F6AC}.Debug|Any CPU.Build.0 = Debug|Any CPU
		{D97ED46D-D502-406C-BC29-D555FC35F6AC}.Release|Any CPU.ActiveCfg = Release|Any CPU
		{D97ED46D-D502-406C-BC29-D555FC35F6AC}.Release|Any CPU.Build.0 = Release|Any CPU
		{C74AC956-D15F-4AF6-994B-C43AA38FD34A}.Debug|Any CPU.ActiveCfg = Debug|Any CPU
		{C74AC956-D15F-4AF6-994B-C43AA38FD34A}.Debug|Any CPU.Build.0 = Debug|Any CPU
		{C74AC956-D15F-4AF6-994B-C43AA38FD34A}.Release|Any CPU.ActiveCfg = Release|Any CPU
		{C74AC956-D15F-4AF6-994B-C43AA38FD34A}.Release|Any CPU.Build.0 = Release|Any CPU
		{10B5392C-A09F-4E29-9573-E5E5B5ACC036}.Debug|Any CPU.ActiveCfg = Debug|Any CPU
		{10B5392C-A09F-4E29-9573-E5E5B5ACC036}.Debug|Any CPU.Build.0 = Debug|Any CPU
		{10B5392C-A09F-4E29-9573-E5E5B5ACC036}.Release|Any CPU.ActiveCfg = Release|Any CPU
		{10B5392C-A09F-4E29-9573-E5E5B5ACC036}.Release|Any CPU.Build.0 = Release|Any CPU
		{7E3A9D81-3B02-47B2-BE59-7575A0650CC7}.Debug|Any CPU.ActiveCfg = Debug|Any CPU
		{7E3A9D81-3B02-47B2-BE59-7575A0650CC7}.Debug|Any CPU.Build.0 = Debug|Any CPU
		{7E3A9D81-3B02-47B2-BE59-7575A0650CC7}.Release|Any CPU.ActiveCfg = Release|Any CPU
		{7E3A9D81-3B02-47B2-BE59-7575A0650CC7}.Release|Any CPU.Build.0 = Release|Any CPU
		{D8A78172-A285-426E-903E-F8DE33BDAEB6}.Debug|Any CPU.ActiveCfg = Debug|Any CPU
		{D8A78172-A285-426E-903E-F8DE33BDAEB6}.Debug|Any CPU.Build.0 = Debug|Any CPU
		{D8A78172-A285-426E-903E-F8DE33BDAEB6}.Release|Any CPU.ActiveCfg = Release|Any CPU
		{D8A78172-A285-426E-903E-F8DE33BDAEB6}.Release|Any CPU.Build.0 = Release|Any CPU
	EndGlobalSection
	GlobalSection(SolutionProperties) = preSolution
		HideSolutionNode = FALSE
	EndGlobalSection
	GlobalSection(NestedProjects) = preSolution
		{BEE44D41-7CC0-4E29-A2E5-EBC55C6EED7D} = {74F80CED-05CC-4D74-A4C1-57FC8BCC0BC9}
		{7A6FB48E-D53C-4561-B92C-01D94F9F28A4} = {74F80CED-05CC-4D74-A4C1-57FC8BCC0BC9}
		{2BB84504-1BD7-457D-B8EA-1067AEB12340} = {74F80CED-05CC-4D74-A4C1-57FC8BCC0BC9}
		{BD911821-A665-415F-B39E-C238F20DDB63} = {74F80CED-05CC-4D74-A4C1-57FC8BCC0BC9}
		{88E64296-CC9C-4D6F-B4AD-585A9F672B89} = {74F80CED-05CC-4D74-A4C1-57FC8BCC0BC9}
		{B6A9A99D-4842-4762-BDBC-826B902C24E6} = {74F80CED-05CC-4D74-A4C1-57FC8BCC0BC9}
		{7EB138A4-7CED-4DA8-AE0D-55C6D8C88992} = {74F80CED-05CC-4D74-A4C1-57FC8BCC0BC9}
		{2C6580AA-ABBF-44D8-AF93-73750FAD6B7E} = {74F80CED-05CC-4D74-A4C1-57FC8BCC0BC9}
		{BC8C6BCB-D973-413C-913A-94B264413FB4} = {74F80CED-05CC-4D74-A4C1-57FC8BCC0BC9}
		{796C9144-45F9-499A-8D6A-0442E85A0B98} = {74F80CED-05CC-4D74-A4C1-57FC8BCC0BC9}
		{3AD5CE10-043C-4B8F-9EC7-234520100A61} = {74F80CED-05CC-4D74-A4C1-57FC8BCC0BC9}
		{DCBC368D-B996-490C-9479-10813D8940B7} = {74F80CED-05CC-4D74-A4C1-57FC8BCC0BC9}
		{BE94EB46-2E1B-4C8F-9A02-2627C6E73CAC} = {74F80CED-05CC-4D74-A4C1-57FC8BCC0BC9}
		{6BF8A738-2345-4592-84CC-884F9745BEC0} = {74F80CED-05CC-4D74-A4C1-57FC8BCC0BC9}
		{17CA336C-5E18-4980-9B6F-923260AD9C73} = {74F80CED-05CC-4D74-A4C1-57FC8BCC0BC9}
		{554AAD01-533F-40AB-BDC3-81285AB19741} = {74F80CED-05CC-4D74-A4C1-57FC8BCC0BC9}
		{F340136F-9226-4872-88FC-D0C0C9098061} = {74F80CED-05CC-4D74-A4C1-57FC8BCC0BC9}
		{B7385328-376E-4D1E-B62A-D5F7CF31003C} = {74F80CED-05CC-4D74-A4C1-57FC8BCC0BC9}
		{F4D4494A-78F4-4641-A44C-46BA15627EC5} = {74F80CED-05CC-4D74-A4C1-57FC8BCC0BC9}
		{915C3B8D-6816-4473-9B6B-5B545A1B743E} = {74F80CED-05CC-4D74-A4C1-57FC8BCC0BC9}
		{ED9E7766-F7E9-4764-9132-006237AD34C2} = {74F80CED-05CC-4D74-A4C1-57FC8BCC0BC9}
		{D97ED46D-D502-406C-BC29-D555FC35F6AC} = {74F80CED-05CC-4D74-A4C1-57FC8BCC0BC9}
		{C74AC956-D15F-4AF6-994B-C43AA38FD34A} = {74F80CED-05CC-4D74-A4C1-57FC8BCC0BC9}
		{10B5392C-A09F-4E29-9573-E5E5B5ACC036} = {74F80CED-05CC-4D74-A4C1-57FC8BCC0BC9}
		{7E3A9D81-3B02-47B2-BE59-7575A0650CC7} = {74F80CED-05CC-4D74-A4C1-57FC8BCC0BC9}
		{D8A78172-A285-426E-903E-F8DE33BDAEB6} = {74F80CED-05CC-4D74-A4C1-57FC8BCC0BC9}
	EndGlobalSection
	GlobalSection(ExtensibilityGlobals) = postSolution
		SolutionGuid = {2F53264C-6C10-4A4F-986B-50102C8E2371}
	EndGlobalSection
EndGlobal
