
Microsoft Visual Studio Solution File, Format Version 12.00
# Visual Studio Version 17
VisualStudioVersion = 17.8.34408.163
MinimumVisualStudioVersion = 10.0.40219.1
Project("{9A19103F-16F7-4668-BE54-9A1E7A4F7556}") = "OpenSmc.Ifrs17.Domain", "OpenSmc.Ifrs17.Domain\OpenSmc.Ifrs17.Domain.csproj", "{A3001512-3B55-420B-B1C7-1350C69A142F}"
EndProject
Project("{9A19103F-16F7-4668-BE54-9A1E7A4F7556}") = "OpenSmc.Ifrs17.Domain.Test", "OpenSmc.Ifrs17.Domain.Test\OpenSmc.Ifrs17.Domain.Test.csproj", "{185CFFE3-D491-4869-AF87-D210A5AFA434}"
EndProject
Project("{2150E333-8FDC-42A3-9474-1A3956D46DE8}") = "OpenSmc", "OpenSmc", "{74F80CED-05CC-4D74-A4C1-57FC8BCC0BC9}"
EndProject
Project("{9A19103F-16F7-4668-BE54-9A1E7A4F7556}") = "OpenSmc.Arithmetics", "..\OpenSmc\src\OpenSmc.Arithmetics\OpenSmc.Arithmetics.csproj", "{BEE44D41-7CC0-4E29-A2E5-EBC55C6EED7D}"
EndProject
Project("{9A19103F-16F7-4668-BE54-9A1E7A4F7556}") = "OpenSmc.Arithmetics.Abstractions", "..\OpenSmc\src\OpenSmc.Arithmetics.Abstractions\OpenSmc.Arithmetics.Abstractions.csproj", "{7A6FB48E-D53C-4561-B92C-01D94F9F28A4}"
EndProject
Project("{9A19103F-16F7-4668-BE54-9A1E7A4F7556}") = "OpenSmc.Collections", "..\OpenSmc\src\OpenSmc.Collections\OpenSmc.Collections.csproj", "{2BB84504-1BD7-457D-B8EA-1067AEB12340}"
EndProject
Project("{9A19103F-16F7-4668-BE54-9A1E7A4F7556}") = "OpenSmc.Conventions", "..\OpenSmc\src\OpenSmc.Conventions\OpenSmc.Conventions.csproj", "{BD911821-A665-415F-B39E-C238F20DDB63}"
EndProject
Project("{9A19103F-16F7-4668-BE54-9A1E7A4F7556}") = "OpenSmc.Domain.Abstractions", "..\OpenSmc\src\OpenSmc.Domain.Abstractions\OpenSmc.Domain.Abstractions.csproj", "{88E64296-CC9C-4D6F-B4AD-585A9F672B89}"
EndProject
Project("{9A19103F-16F7-4668-BE54-9A1E7A4F7556}") = "OpenSmc.Equality", "..\OpenSmc\src\OpenSmc.Equality\OpenSmc.Equality.csproj", "{B6A9A99D-4842-4762-BDBC-826B902C24E6}"
EndProject
Project("{9A19103F-16F7-4668-BE54-9A1E7A4F7556}") = "OpenSmc.Reflection", "..\OpenSmc\src\OpenSmc.Reflection\OpenSmc.Reflection.csproj", "{7EB138A4-7CED-4DA8-AE0D-55C6D8C88992}"
EndProject
Project("{9A19103F-16F7-4668-BE54-9A1E7A4F7556}") = "OpenSmc.DataSetReader", "..\OpenSmc\src\OpenSmc.DataSetReader\OpenSmc.DataSetReader.csproj", "{2C6580AA-ABBF-44D8-AF93-73750FAD6B7E}"
EndProject
Project("{9A19103F-16F7-4668-BE54-9A1E7A4F7556}") = "OpenSmc.DataSetReader.Csv", "..\OpenSmc\src\OpenSmc.DataSetReader.Csv\OpenSmc.DataSetReader.Csv.csproj", "{BC8C6BCB-D973-413C-913A-94B264413FB4}"
EndProject
Project("{9A19103F-16F7-4668-BE54-9A1E7A4F7556}") = "OpenSmc.DataSetReader.Excel", "..\OpenSmc\src\OpenSmc.DataSetReader.Excel\OpenSmc.DataSetReader.Excel.csproj", "{796C9144-45F9-499A-8D6A-0442E85A0B98}"
EndProject
Project("{9A19103F-16F7-4668-BE54-9A1E7A4F7556}") = "OpenSmc.ServiceProvider", "..\OpenSmc\src\OpenSmc.ServiceProvider\OpenSmc.ServiceProvider.csproj", "{3AD5CE10-043C-4B8F-9EC7-234520100A61}"
EndProject
Project("{9A19103F-16F7-4668-BE54-9A1E7A4F7556}") = "OpenSmc.DataSetReader.Abstractions", "..\OpenSmc\src\OpenSmc.DataSetReader.Abstractions\OpenSmc.DataSetReader.Abstractions.csproj", "{DCBC368D-B996-490C-9479-10813D8940B7}"
EndProject
Project("{9A19103F-16F7-4668-BE54-9A1E7A4F7556}") = "OpenSmc.DataStructures", "..\OpenSmc\src\OpenSmc.DataStructures\OpenSmc.DataStructures.csproj", "{BE94EB46-2E1B-4C8F-9A02-2627C6E73CAC}"
EndProject
Project("{9A19103F-16F7-4668-BE54-9A1E7A4F7556}") = "OpenSmc.DataSetReader.Excel.BinaryFormat", "..\OpenSmc\src\OpenSmc.DataSetReader.Excel.BinaryFormat\OpenSmc.DataSetReader.Excel.BinaryFormat.csproj", "{6BF8A738-2345-4592-84CC-884F9745BEC0}"
EndProject
Project("{9A19103F-16F7-4668-BE54-9A1E7A4F7556}") = "OpenSmc.DataSetReader.Excel.OpenXmlFormat", "..\OpenSmc\src\OpenSmc.DataSetReader.Excel.OpenXmlFormat\OpenSmc.DataSetReader.Excel.OpenXmlFormat.csproj", "{17CA336C-5E18-4980-9B6F-923260AD9C73}"
EndProject
Project("{9A19103F-16F7-4668-BE54-9A1E7A4F7556}") = "OpenSmc.DataSetReader.Excel.Utils", "..\OpenSmc\src\OpenSmc.DataSetReader.Excel.Utils\OpenSmc.DataSetReader.Excel.Utils.csproj", "{554AAD01-533F-40AB-BDC3-81285AB19741}"
EndProject
Project("{9A19103F-16F7-4668-BE54-9A1E7A4F7556}") = "OpenSmc.Scopes", "..\OpenSmc\src\OpenSmc.Scopes\OpenSmc.Scopes.csproj", "{F340136F-9226-4872-88FC-D0C0C9098061}"
EndProject
Project("{9A19103F-16F7-4668-BE54-9A1E7A4F7556}") = "OpenSmc.Utils", "..\OpenSmc\src\OpenSmc.Utils\OpenSmc.Utils.csproj", "{B7385328-376E-4D1E-B62A-D5F7CF31003C}"
EndProject
Project("{9A19103F-16F7-4668-BE54-9A1E7A4F7556}") = "OpenSmc.DataCubes.Abstractions", "..\OpenSmc\src\OpenSmc.DataCubes.Abstractions\OpenSmc.DataCubes.Abstractions.csproj", "{F4D4494A-78F4-4641-A44C-46BA15627EC5}"
EndProject
Project("{9A19103F-16F7-4668-BE54-9A1E7A4F7556}") = "OpenSmc.DotNet.Kernel", "..\OpenSmc\src\OpenSmc.DotNet.Kernel\OpenSmc.DotNet.Kernel.csproj", "{ED9E7766-F7E9-4764-9132-006237AD34C2}"
EndProject
Project("{9A19103F-16F7-4668-BE54-9A1E7A4F7556}") = "OpenSmc.Hierarchies", "..\OpenSmc\src\OpenSmc.Hierarchies\OpenSmc.Hierarchies.csproj", "{10B5392C-A09F-4E29-9573-E5E5B5ACC036}"
EndProject
Project("{9A19103F-16F7-4668-BE54-9A1E7A4F7556}") = "OpenSmc.Pivot", "..\OpenSmc\src\OpenSmc.Pivot\OpenSmc.Pivot.csproj", "{D8A78172-A285-426E-903E-F8DE33BDAEB6}"
EndProject
Project("{9A19103F-16F7-4668-BE54-9A1E7A4F7556}") = "OpenSmc.Activities", "..\OpenSmc\src\OpenSmc.Activities\OpenSmc.Activities.csproj", "{D967061C-E169-4C0C-A889-CBEB55F0DF2A}"
EndProject
Project("{9A19103F-16F7-4668-BE54-9A1E7A4F7556}") = "OpenSmc.Activities.Contract", "..\OpenSmc\src\OpenSmc.Activities.Contract\OpenSmc.Activities.Contract.csproj", "{3C92B979-D944-48A7-AB9A-C6DB8810AD9C}"
EndProject
Project("{9A19103F-16F7-4668-BE54-9A1E7A4F7556}") = "OpenSmc.ShortGuid", "..\OpenSmc\src\OpenSmc.ShortGuid\OpenSmc.ShortGuid.csproj", "{07DA583B-79A9-427C-8BBF-D70C69479460}"
EndProject
Project("{9A19103F-16F7-4668-BE54-9A1E7A4F7556}") = "OpenSmc.Layout", "..\OpenSmc\src\OpenSmc.Layout\OpenSmc.Layout.csproj", "{14DA19D8-3189-47B5-93CD-A46D315BB70D}"
EndProject
Project("{9A19103F-16F7-4668-BE54-9A1E7A4F7556}") = "OpenSmc.Application.Scope", "..\OpenSmc\src\OpenSmc.Application.Scope\OpenSmc.Application.Scope.csproj", "{7321CF81-A673-408B-8DE7-23A00EB194B2}"
EndProject
Project("{9A19103F-16F7-4668-BE54-9A1E7A4F7556}") = "OpenSmc.Application.Scope.Contract", "..\OpenSmc\src\OpenSmc.Application.Scope.Contract\OpenSmc.Application.Scope.Contract.csproj", "{5B5CF6EE-E717-4FF5-A87E-7E3763B8CCEF}"
EndProject
Project("{9A19103F-16F7-4668-BE54-9A1E7A4F7556}") = "OpenSmc.Application.Styles", "..\OpenSmc\src\OpenSmc.Application.Styles\OpenSmc.Application.Styles.csproj", "{DC2FEC6E-C92A-4359-82BC-E710FEA4A185}"
EndProject
Project("{9A19103F-16F7-4668-BE54-9A1E7A4F7556}") = "OpenSmc.Messaging.Contract", "..\OpenSmc\src\OpenSmc.Messaging.Contract\OpenSmc.Messaging.Contract.csproj", "{4DFDC8AE-242B-4473-94BF-128252228349}"
EndProject
Project("{9A19103F-16F7-4668-BE54-9A1E7A4F7556}") = "OpenSmc.Messaging.Hub", "..\OpenSmc\src\OpenSmc.Messaging.Hub\OpenSmc.Messaging.Hub.csproj", "{1841D50E-2561-4C35-993F-D90C136E55D4}"
EndProject
Project("{9A19103F-16F7-4668-BE54-9A1E7A4F7556}") = "OpenSmc.Application.Contract", "..\OpenSmc\src\OpenSmc.Application.Contract\OpenSmc.Application.Contract.csproj", "{334A57AA-6D80-477F-AFC8-2A49FBACC368}"
EndProject
Project("{9A19103F-16F7-4668-BE54-9A1E7A4F7556}") = "OpenSmc.Serialization.Abstractions", "..\OpenSmc\src\OpenSmc.Serialization.Abstractions\OpenSmc.Serialization.Abstractions.csproj", "{9E884945-386B-4852-8BFB-7966040F09F3}"
EndProject
Project("{9A19103F-16F7-4668-BE54-9A1E7A4F7556}") = "OpenSmc.Disposables", "..\OpenSmc\src\OpenSmc.Disposables\OpenSmc.Disposables.csproj", "{9D950F03-5F0D-4701-B6CC-89AE5976C175}"
EndProject
Project("{9A19103F-16F7-4668-BE54-9A1E7A4F7556}") = "OpenSmc.Ifrs17.ReferenceDataHub", "OpenSmc.Ifrs17.ReferenceDataHub\OpenSmc.Ifrs17.ReferenceDataHub.csproj", "{7298EA13-F86D-4E87-88B8-BC024B71D381}"
EndProject
Project("{9A19103F-16F7-4668-BE54-9A1E7A4F7556}") = "OpenSmc.Ifrs17.TransactionalDataHub", "OpenSmc.Ifrs17.EstimatesHub\OpenSmc.Ifrs17.TransactionalDataHub.csproj", "{48AA6B36-9753-4C14-8C83-EE45DE2BD556}"
EndProject
Project("{2150E333-8FDC-42A3-9474-1A3956D46DE8}") = "Tests", "Tests", "{D0B454E6-A2B2-45A3-A874-14582B243C51}"
EndProject
Project("{9A19103F-16F7-4668-BE54-9A1E7A4F7556}") = "OpenSmc.Fixture", "..\OpenSmc\test\OpenSmc.Fixture\OpenSmc.Fixture.csproj", "{25ECA479-D27B-4548-82D6-6A2C32FA0A4D}"
EndProject
Project("{9A19103F-16F7-4668-BE54-9A1E7A4F7556}") = "OpenSmc.Hub.Fixture", "..\OpenSmc\test\OpenSmc.Hub.Fixture\OpenSmc.Hub.Fixture.csproj", "{FBFD6545-5EB8-4873-910E-8F0342F44715}"
EndProject
Project("{9A19103F-16F7-4668-BE54-9A1E7A4F7556}") = "OpenSmc.Layout.Test", "..\OpenSmc\test\OpenSmc.Layout.Test\OpenSmc.Layout.Test.csproj", "{FA1AD9CA-27AA-4D1C-B49E-A71AE75FF9A4}"
EndProject
Project("{9A19103F-16F7-4668-BE54-9A1E7A4F7556}") = "OpenSmc.Messaging.Hub.Test", "..\OpenSmc\test\OpenSmc.Messaging.Hub.Test\OpenSmc.Messaging.Hub.Test.csproj", "{2E99BBCD-39C5-4E32-9388-7954DB3B2DFA}"
EndProject
Project("{9A19103F-16F7-4668-BE54-9A1E7A4F7556}") = "OpenSmc.Pivot.Test", "..\OpenSmc\test\OpenSmc.Pivot.Test\OpenSmc.Pivot.Test.csproj", "{66E86908-FA87-49E3-A389-4091827DAE3D}"
EndProject
Project("{9A19103F-16F7-4668-BE54-9A1E7A4F7556}") = "OpenSmc.Serialization.Test", "..\OpenSmc\test\OpenSmc.Serialization.Test\OpenSmc.Serialization.Test.csproj", "{C92BF555-F689-4F40-876E-67C1C1AECCEC}"
EndProject
Project("{9A19103F-16F7-4668-BE54-9A1E7A4F7556}") = "OpenSmc.TestDomain", "..\OpenSmc\test\OpenSmc.TestDomain\OpenSmc.TestDomain.csproj", "{0F5D7875-89FA-4A5E-8390-D6B132090702}"
EndProject
Project("{9A19103F-16F7-4668-BE54-9A1E7A4F7556}") = "OpenSmc.Json.Assertions", "..\OpenSmc\test\OpenSmc.Json.Assertions\OpenSmc.Json.Assertions.csproj", "{EE870E05-A6DD-48C0-838B-1A5983AB2C23}"
EndProject
Project("{9A19103F-16F7-4668-BE54-9A1E7A4F7556}") = "OpenSmc.Json.Assertions.Test", "..\OpenSmc\test\OpenSmc.Json.Assertions.Test\OpenSmc.Json.Assertions.Test.csproj", "{C53CD6BD-43AB-46C1-9F70-FD31344CB4C9}"
EndProject
Project("{9A19103F-16F7-4668-BE54-9A1E7A4F7556}") = "OpenSmc.Portal.Contract", "..\OpenSmc\src\OpenSmc.Portal.Contract\OpenSmc.Portal.Contract.csproj", "{61139EFB-64AF-43B2-9744-6F49E77650BB}"
EndProject
Project("{9A19103F-16F7-4668-BE54-9A1E7A4F7556}") = "OpenSmc.DataCubes", "..\OpenSmc\src\OpenSmc.DataCubes\OpenSmc.DataCubes.csproj", "{140CCE54-E67C-4FA0-9693-D802F6AEBE57}"
EndProject
Project("{9A19103F-16F7-4668-BE54-9A1E7A4F7556}") = "OpenSmc.Scopes.DataCubes", "..\OpenSmc\src\OpenSmc.Scopes.DataCubes\OpenSmc.Scopes.DataCubes.csproj", "{14F13937-159F-4938-BCEE-B1FD388AC7B5}"
EndProject
Project("{9A19103F-16F7-4668-BE54-9A1E7A4F7556}") = "OpenSmc.Data", "..\OpenSmc\src\OpenSmc.Data\OpenSmc.Data.csproj", "{B749B3AD-E3C9-46EA-BF15-B409C0B93575}"
EndProject
Project("{9A19103F-16F7-4668-BE54-9A1E7A4F7556}") = "OpenSmc.Data.Contract", "..\OpenSmc\src\OpenSmc.Data.Contract\OpenSmc.Data.Contract.csproj", "{C89A638A-30B1-4878-9A8E-3E453493FCF5}"
EndProject
Project("{9A19103F-16F7-4668-BE54-9A1E7A4F7556}") = "OpenSmc.Hub.Data.Test", "..\OpenSmc\test\OpenSmc.Hub.Data.Test\OpenSmc.Hub.Data.Test.csproj", "{AB36B8B9-CBEF-4D48-8765-BDF22E735326}"
EndProject
Project("{9A19103F-16F7-4668-BE54-9A1E7A4F7556}") = "OpenSmc.Ifrs17.DataTypes", "OpenSmc.Ifrs17.DataTypes\OpenSmc.Ifrs17.DataTypes.csproj", "{B5DC947C-A6EB-474A-9157-06AE2CC72795}"
EndProject
Project("{9A19103F-16F7-4668-BE54-9A1E7A4F7556}") = "OpenSmc.Import", "..\OpenSmc\src\OpenSmc.Import\OpenSmc.Import.csproj", "{CC8212E5-7FB6-4576-92F2-910448001462}"
EndProject
Project("{9A19103F-16F7-4668-BE54-9A1E7A4F7556}") = "OpenSmc.DataStorage.EntityFramework", "..\OpenSmc\src\OpenSmc.DataStorage.EntityFramework\OpenSmc.DataStorage.EntityFramework.csproj", "{54830E47-0AA2-4A03-A7D1-C4D46B91F062}"
EndProject
Project("{9A19103F-16F7-4668-BE54-9A1E7A4F7556}") = "OpenSmc.Import.Test", "..\OpenSmc\test\OpenSmc.Import.Test\OpenSmc.Import.Test.csproj", "{0B5C8819-E213-43BC-A820-039281E7BC48}"
EndProject
Project("{FAE04EC0-301F-11D3-BF4B-00C04F79EFBC}") = "OpenSmc.Ifrs17.ReferenceDataHub.Test", "OpenSmc.Ifrs17.ReferenceDataHub.Test\OpenSmc.Ifrs17.ReferenceDataHub.Test.csproj", "{C3C7626C-501F-4348-A50C-3DC85060CB08}"
EndProject
Global
	GlobalSection(SolutionConfigurationPlatforms) = preSolution
		Debug|Any CPU = Debug|Any CPU
		Debug|arm64 = Debug|arm64
		Debug|x86 = Debug|x86
		Release|Any CPU = Release|Any CPU
		Release|arm64 = Release|arm64
		Release|x86 = Release|x86
	EndGlobalSection
	GlobalSection(ProjectConfigurationPlatforms) = postSolution
		{A3001512-3B55-420B-B1C7-1350C69A142F}.Debug|Any CPU.ActiveCfg = Debug|Any CPU
		{A3001512-3B55-420B-B1C7-1350C69A142F}.Debug|Any CPU.Build.0 = Debug|Any CPU
		{A3001512-3B55-420B-B1C7-1350C69A142F}.Debug|arm64.ActiveCfg = Debug|Any CPU
		{A3001512-3B55-420B-B1C7-1350C69A142F}.Debug|arm64.Build.0 = Debug|Any CPU
		{A3001512-3B55-420B-B1C7-1350C69A142F}.Debug|x86.ActiveCfg = Debug|Any CPU
		{A3001512-3B55-420B-B1C7-1350C69A142F}.Debug|x86.Build.0 = Debug|Any CPU
		{A3001512-3B55-420B-B1C7-1350C69A142F}.Release|Any CPU.ActiveCfg = Release|Any CPU
		{A3001512-3B55-420B-B1C7-1350C69A142F}.Release|Any CPU.Build.0 = Release|Any CPU
		{A3001512-3B55-420B-B1C7-1350C69A142F}.Release|arm64.ActiveCfg = Release|Any CPU
		{A3001512-3B55-420B-B1C7-1350C69A142F}.Release|arm64.Build.0 = Release|Any CPU
		{A3001512-3B55-420B-B1C7-1350C69A142F}.Release|x86.ActiveCfg = Release|Any CPU
		{A3001512-3B55-420B-B1C7-1350C69A142F}.Release|x86.Build.0 = Release|Any CPU
		{185CFFE3-D491-4869-AF87-D210A5AFA434}.Debug|Any CPU.ActiveCfg = Debug|Any CPU
		{185CFFE3-D491-4869-AF87-D210A5AFA434}.Debug|Any CPU.Build.0 = Debug|Any CPU
		{185CFFE3-D491-4869-AF87-D210A5AFA434}.Debug|arm64.ActiveCfg = Debug|Any CPU
		{185CFFE3-D491-4869-AF87-D210A5AFA434}.Debug|arm64.Build.0 = Debug|Any CPU
		{185CFFE3-D491-4869-AF87-D210A5AFA434}.Debug|x86.ActiveCfg = Debug|Any CPU
		{185CFFE3-D491-4869-AF87-D210A5AFA434}.Debug|x86.Build.0 = Debug|Any CPU
		{185CFFE3-D491-4869-AF87-D210A5AFA434}.Release|Any CPU.ActiveCfg = Release|Any CPU
		{185CFFE3-D491-4869-AF87-D210A5AFA434}.Release|Any CPU.Build.0 = Release|Any CPU
		{185CFFE3-D491-4869-AF87-D210A5AFA434}.Release|arm64.ActiveCfg = Release|Any CPU
		{185CFFE3-D491-4869-AF87-D210A5AFA434}.Release|arm64.Build.0 = Release|Any CPU
		{185CFFE3-D491-4869-AF87-D210A5AFA434}.Release|x86.ActiveCfg = Release|Any CPU
		{185CFFE3-D491-4869-AF87-D210A5AFA434}.Release|x86.Build.0 = Release|Any CPU
		{BEE44D41-7CC0-4E29-A2E5-EBC55C6EED7D}.Debug|Any CPU.ActiveCfg = Debug|Any CPU
		{BEE44D41-7CC0-4E29-A2E5-EBC55C6EED7D}.Debug|Any CPU.Build.0 = Debug|Any CPU
		{BEE44D41-7CC0-4E29-A2E5-EBC55C6EED7D}.Debug|arm64.ActiveCfg = Debug|Any CPU
		{BEE44D41-7CC0-4E29-A2E5-EBC55C6EED7D}.Debug|arm64.Build.0 = Debug|Any CPU
		{BEE44D41-7CC0-4E29-A2E5-EBC55C6EED7D}.Debug|x86.ActiveCfg = Debug|Any CPU
		{BEE44D41-7CC0-4E29-A2E5-EBC55C6EED7D}.Debug|x86.Build.0 = Debug|Any CPU
		{BEE44D41-7CC0-4E29-A2E5-EBC55C6EED7D}.Release|Any CPU.ActiveCfg = Release|Any CPU
		{BEE44D41-7CC0-4E29-A2E5-EBC55C6EED7D}.Release|Any CPU.Build.0 = Release|Any CPU
		{BEE44D41-7CC0-4E29-A2E5-EBC55C6EED7D}.Release|arm64.ActiveCfg = Release|Any CPU
		{BEE44D41-7CC0-4E29-A2E5-EBC55C6EED7D}.Release|arm64.Build.0 = Release|Any CPU
		{BEE44D41-7CC0-4E29-A2E5-EBC55C6EED7D}.Release|x86.ActiveCfg = Release|Any CPU
		{BEE44D41-7CC0-4E29-A2E5-EBC55C6EED7D}.Release|x86.Build.0 = Release|Any CPU
		{7A6FB48E-D53C-4561-B92C-01D94F9F28A4}.Debug|Any CPU.ActiveCfg = Debug|Any CPU
		{7A6FB48E-D53C-4561-B92C-01D94F9F28A4}.Debug|Any CPU.Build.0 = Debug|Any CPU
		{7A6FB48E-D53C-4561-B92C-01D94F9F28A4}.Debug|arm64.ActiveCfg = Debug|Any CPU
		{7A6FB48E-D53C-4561-B92C-01D94F9F28A4}.Debug|arm64.Build.0 = Debug|Any CPU
		{7A6FB48E-D53C-4561-B92C-01D94F9F28A4}.Debug|x86.ActiveCfg = Debug|Any CPU
		{7A6FB48E-D53C-4561-B92C-01D94F9F28A4}.Debug|x86.Build.0 = Debug|Any CPU
		{7A6FB48E-D53C-4561-B92C-01D94F9F28A4}.Release|Any CPU.ActiveCfg = Release|Any CPU
		{7A6FB48E-D53C-4561-B92C-01D94F9F28A4}.Release|Any CPU.Build.0 = Release|Any CPU
		{7A6FB48E-D53C-4561-B92C-01D94F9F28A4}.Release|arm64.ActiveCfg = Release|Any CPU
		{7A6FB48E-D53C-4561-B92C-01D94F9F28A4}.Release|arm64.Build.0 = Release|Any CPU
		{7A6FB48E-D53C-4561-B92C-01D94F9F28A4}.Release|x86.ActiveCfg = Release|Any CPU
		{7A6FB48E-D53C-4561-B92C-01D94F9F28A4}.Release|x86.Build.0 = Release|Any CPU
		{2BB84504-1BD7-457D-B8EA-1067AEB12340}.Debug|Any CPU.ActiveCfg = Debug|Any CPU
		{2BB84504-1BD7-457D-B8EA-1067AEB12340}.Debug|Any CPU.Build.0 = Debug|Any CPU
		{2BB84504-1BD7-457D-B8EA-1067AEB12340}.Debug|arm64.ActiveCfg = Debug|Any CPU
		{2BB84504-1BD7-457D-B8EA-1067AEB12340}.Debug|arm64.Build.0 = Debug|Any CPU
		{2BB84504-1BD7-457D-B8EA-1067AEB12340}.Debug|x86.ActiveCfg = Debug|Any CPU
		{2BB84504-1BD7-457D-B8EA-1067AEB12340}.Debug|x86.Build.0 = Debug|Any CPU
		{2BB84504-1BD7-457D-B8EA-1067AEB12340}.Release|Any CPU.ActiveCfg = Release|Any CPU
		{2BB84504-1BD7-457D-B8EA-1067AEB12340}.Release|Any CPU.Build.0 = Release|Any CPU
		{2BB84504-1BD7-457D-B8EA-1067AEB12340}.Release|arm64.ActiveCfg = Release|Any CPU
		{2BB84504-1BD7-457D-B8EA-1067AEB12340}.Release|arm64.Build.0 = Release|Any CPU
		{2BB84504-1BD7-457D-B8EA-1067AEB12340}.Release|x86.ActiveCfg = Release|Any CPU
		{2BB84504-1BD7-457D-B8EA-1067AEB12340}.Release|x86.Build.0 = Release|Any CPU
		{BD911821-A665-415F-B39E-C238F20DDB63}.Debug|Any CPU.ActiveCfg = Debug|Any CPU
		{BD911821-A665-415F-B39E-C238F20DDB63}.Debug|Any CPU.Build.0 = Debug|Any CPU
		{BD911821-A665-415F-B39E-C238F20DDB63}.Debug|arm64.ActiveCfg = Debug|Any CPU
		{BD911821-A665-415F-B39E-C238F20DDB63}.Debug|arm64.Build.0 = Debug|Any CPU
		{BD911821-A665-415F-B39E-C238F20DDB63}.Debug|x86.ActiveCfg = Debug|Any CPU
		{BD911821-A665-415F-B39E-C238F20DDB63}.Debug|x86.Build.0 = Debug|Any CPU
		{BD911821-A665-415F-B39E-C238F20DDB63}.Release|Any CPU.ActiveCfg = Release|Any CPU
		{BD911821-A665-415F-B39E-C238F20DDB63}.Release|Any CPU.Build.0 = Release|Any CPU
		{BD911821-A665-415F-B39E-C238F20DDB63}.Release|arm64.ActiveCfg = Release|Any CPU
		{BD911821-A665-415F-B39E-C238F20DDB63}.Release|arm64.Build.0 = Release|Any CPU
		{BD911821-A665-415F-B39E-C238F20DDB63}.Release|x86.ActiveCfg = Release|Any CPU
		{BD911821-A665-415F-B39E-C238F20DDB63}.Release|x86.Build.0 = Release|Any CPU
		{88E64296-CC9C-4D6F-B4AD-585A9F672B89}.Debug|Any CPU.ActiveCfg = Debug|Any CPU
		{88E64296-CC9C-4D6F-B4AD-585A9F672B89}.Debug|Any CPU.Build.0 = Debug|Any CPU
		{88E64296-CC9C-4D6F-B4AD-585A9F672B89}.Debug|arm64.ActiveCfg = Debug|Any CPU
		{88E64296-CC9C-4D6F-B4AD-585A9F672B89}.Debug|arm64.Build.0 = Debug|Any CPU
		{88E64296-CC9C-4D6F-B4AD-585A9F672B89}.Debug|x86.ActiveCfg = Debug|Any CPU
		{88E64296-CC9C-4D6F-B4AD-585A9F672B89}.Debug|x86.Build.0 = Debug|Any CPU
		{88E64296-CC9C-4D6F-B4AD-585A9F672B89}.Release|Any CPU.ActiveCfg = Release|Any CPU
		{88E64296-CC9C-4D6F-B4AD-585A9F672B89}.Release|Any CPU.Build.0 = Release|Any CPU
		{88E64296-CC9C-4D6F-B4AD-585A9F672B89}.Release|arm64.ActiveCfg = Release|Any CPU
		{88E64296-CC9C-4D6F-B4AD-585A9F672B89}.Release|arm64.Build.0 = Release|Any CPU
		{88E64296-CC9C-4D6F-B4AD-585A9F672B89}.Release|x86.ActiveCfg = Release|Any CPU
		{88E64296-CC9C-4D6F-B4AD-585A9F672B89}.Release|x86.Build.0 = Release|Any CPU
		{B6A9A99D-4842-4762-BDBC-826B902C24E6}.Debug|Any CPU.ActiveCfg = Debug|Any CPU
		{B6A9A99D-4842-4762-BDBC-826B902C24E6}.Debug|Any CPU.Build.0 = Debug|Any CPU
		{B6A9A99D-4842-4762-BDBC-826B902C24E6}.Debug|arm64.ActiveCfg = Debug|Any CPU
		{B6A9A99D-4842-4762-BDBC-826B902C24E6}.Debug|arm64.Build.0 = Debug|Any CPU
		{B6A9A99D-4842-4762-BDBC-826B902C24E6}.Debug|x86.ActiveCfg = Debug|Any CPU
		{B6A9A99D-4842-4762-BDBC-826B902C24E6}.Debug|x86.Build.0 = Debug|Any CPU
		{B6A9A99D-4842-4762-BDBC-826B902C24E6}.Release|Any CPU.ActiveCfg = Release|Any CPU
		{B6A9A99D-4842-4762-BDBC-826B902C24E6}.Release|Any CPU.Build.0 = Release|Any CPU
		{B6A9A99D-4842-4762-BDBC-826B902C24E6}.Release|arm64.ActiveCfg = Release|Any CPU
		{B6A9A99D-4842-4762-BDBC-826B902C24E6}.Release|arm64.Build.0 = Release|Any CPU
		{B6A9A99D-4842-4762-BDBC-826B902C24E6}.Release|x86.ActiveCfg = Release|Any CPU
		{B6A9A99D-4842-4762-BDBC-826B902C24E6}.Release|x86.Build.0 = Release|Any CPU
		{7EB138A4-7CED-4DA8-AE0D-55C6D8C88992}.Debug|Any CPU.ActiveCfg = Debug|Any CPU
		{7EB138A4-7CED-4DA8-AE0D-55C6D8C88992}.Debug|Any CPU.Build.0 = Debug|Any CPU
		{7EB138A4-7CED-4DA8-AE0D-55C6D8C88992}.Debug|arm64.ActiveCfg = Debug|Any CPU
		{7EB138A4-7CED-4DA8-AE0D-55C6D8C88992}.Debug|arm64.Build.0 = Debug|Any CPU
		{7EB138A4-7CED-4DA8-AE0D-55C6D8C88992}.Debug|x86.ActiveCfg = Debug|Any CPU
		{7EB138A4-7CED-4DA8-AE0D-55C6D8C88992}.Debug|x86.Build.0 = Debug|Any CPU
		{7EB138A4-7CED-4DA8-AE0D-55C6D8C88992}.Release|Any CPU.ActiveCfg = Release|Any CPU
		{7EB138A4-7CED-4DA8-AE0D-55C6D8C88992}.Release|Any CPU.Build.0 = Release|Any CPU
		{7EB138A4-7CED-4DA8-AE0D-55C6D8C88992}.Release|arm64.ActiveCfg = Release|Any CPU
		{7EB138A4-7CED-4DA8-AE0D-55C6D8C88992}.Release|arm64.Build.0 = Release|Any CPU
		{7EB138A4-7CED-4DA8-AE0D-55C6D8C88992}.Release|x86.ActiveCfg = Release|Any CPU
		{7EB138A4-7CED-4DA8-AE0D-55C6D8C88992}.Release|x86.Build.0 = Release|Any CPU
		{2C6580AA-ABBF-44D8-AF93-73750FAD6B7E}.Debug|Any CPU.ActiveCfg = Debug|Any CPU
		{2C6580AA-ABBF-44D8-AF93-73750FAD6B7E}.Debug|Any CPU.Build.0 = Debug|Any CPU
		{2C6580AA-ABBF-44D8-AF93-73750FAD6B7E}.Debug|arm64.ActiveCfg = Debug|Any CPU
		{2C6580AA-ABBF-44D8-AF93-73750FAD6B7E}.Debug|arm64.Build.0 = Debug|Any CPU
		{2C6580AA-ABBF-44D8-AF93-73750FAD6B7E}.Debug|x86.ActiveCfg = Debug|Any CPU
		{2C6580AA-ABBF-44D8-AF93-73750FAD6B7E}.Debug|x86.Build.0 = Debug|Any CPU
		{2C6580AA-ABBF-44D8-AF93-73750FAD6B7E}.Release|Any CPU.ActiveCfg = Release|Any CPU
		{2C6580AA-ABBF-44D8-AF93-73750FAD6B7E}.Release|Any CPU.Build.0 = Release|Any CPU
		{2C6580AA-ABBF-44D8-AF93-73750FAD6B7E}.Release|arm64.ActiveCfg = Release|Any CPU
		{2C6580AA-ABBF-44D8-AF93-73750FAD6B7E}.Release|arm64.Build.0 = Release|Any CPU
		{2C6580AA-ABBF-44D8-AF93-73750FAD6B7E}.Release|x86.ActiveCfg = Release|Any CPU
		{2C6580AA-ABBF-44D8-AF93-73750FAD6B7E}.Release|x86.Build.0 = Release|Any CPU
		{BC8C6BCB-D973-413C-913A-94B264413FB4}.Debug|Any CPU.ActiveCfg = Debug|Any CPU
		{BC8C6BCB-D973-413C-913A-94B264413FB4}.Debug|Any CPU.Build.0 = Debug|Any CPU
		{BC8C6BCB-D973-413C-913A-94B264413FB4}.Debug|arm64.ActiveCfg = Debug|Any CPU
		{BC8C6BCB-D973-413C-913A-94B264413FB4}.Debug|arm64.Build.0 = Debug|Any CPU
		{BC8C6BCB-D973-413C-913A-94B264413FB4}.Debug|x86.ActiveCfg = Debug|Any CPU
		{BC8C6BCB-D973-413C-913A-94B264413FB4}.Debug|x86.Build.0 = Debug|Any CPU
		{BC8C6BCB-D973-413C-913A-94B264413FB4}.Release|Any CPU.ActiveCfg = Release|Any CPU
		{BC8C6BCB-D973-413C-913A-94B264413FB4}.Release|Any CPU.Build.0 = Release|Any CPU
		{BC8C6BCB-D973-413C-913A-94B264413FB4}.Release|arm64.ActiveCfg = Release|Any CPU
		{BC8C6BCB-D973-413C-913A-94B264413FB4}.Release|arm64.Build.0 = Release|Any CPU
		{BC8C6BCB-D973-413C-913A-94B264413FB4}.Release|x86.ActiveCfg = Release|Any CPU
		{BC8C6BCB-D973-413C-913A-94B264413FB4}.Release|x86.Build.0 = Release|Any CPU
		{796C9144-45F9-499A-8D6A-0442E85A0B98}.Debug|Any CPU.ActiveCfg = Debug|Any CPU
		{796C9144-45F9-499A-8D6A-0442E85A0B98}.Debug|Any CPU.Build.0 = Debug|Any CPU
		{796C9144-45F9-499A-8D6A-0442E85A0B98}.Debug|arm64.ActiveCfg = Debug|Any CPU
		{796C9144-45F9-499A-8D6A-0442E85A0B98}.Debug|arm64.Build.0 = Debug|Any CPU
		{796C9144-45F9-499A-8D6A-0442E85A0B98}.Debug|x86.ActiveCfg = Debug|Any CPU
		{796C9144-45F9-499A-8D6A-0442E85A0B98}.Debug|x86.Build.0 = Debug|Any CPU
		{796C9144-45F9-499A-8D6A-0442E85A0B98}.Release|Any CPU.ActiveCfg = Release|Any CPU
		{796C9144-45F9-499A-8D6A-0442E85A0B98}.Release|Any CPU.Build.0 = Release|Any CPU
		{796C9144-45F9-499A-8D6A-0442E85A0B98}.Release|arm64.ActiveCfg = Release|Any CPU
		{796C9144-45F9-499A-8D6A-0442E85A0B98}.Release|arm64.Build.0 = Release|Any CPU
		{796C9144-45F9-499A-8D6A-0442E85A0B98}.Release|x86.ActiveCfg = Release|Any CPU
		{796C9144-45F9-499A-8D6A-0442E85A0B98}.Release|x86.Build.0 = Release|Any CPU
		{3AD5CE10-043C-4B8F-9EC7-234520100A61}.Debug|Any CPU.ActiveCfg = Debug|Any CPU
		{3AD5CE10-043C-4B8F-9EC7-234520100A61}.Debug|Any CPU.Build.0 = Debug|Any CPU
		{3AD5CE10-043C-4B8F-9EC7-234520100A61}.Debug|arm64.ActiveCfg = Debug|Any CPU
		{3AD5CE10-043C-4B8F-9EC7-234520100A61}.Debug|arm64.Build.0 = Debug|Any CPU
		{3AD5CE10-043C-4B8F-9EC7-234520100A61}.Debug|x86.ActiveCfg = Debug|Any CPU
		{3AD5CE10-043C-4B8F-9EC7-234520100A61}.Debug|x86.Build.0 = Debug|Any CPU
		{3AD5CE10-043C-4B8F-9EC7-234520100A61}.Release|Any CPU.ActiveCfg = Release|Any CPU
		{3AD5CE10-043C-4B8F-9EC7-234520100A61}.Release|Any CPU.Build.0 = Release|Any CPU
		{3AD5CE10-043C-4B8F-9EC7-234520100A61}.Release|arm64.ActiveCfg = Release|Any CPU
		{3AD5CE10-043C-4B8F-9EC7-234520100A61}.Release|arm64.Build.0 = Release|Any CPU
		{3AD5CE10-043C-4B8F-9EC7-234520100A61}.Release|x86.ActiveCfg = Release|Any CPU
		{3AD5CE10-043C-4B8F-9EC7-234520100A61}.Release|x86.Build.0 = Release|Any CPU
		{DCBC368D-B996-490C-9479-10813D8940B7}.Debug|Any CPU.ActiveCfg = Debug|Any CPU
		{DCBC368D-B996-490C-9479-10813D8940B7}.Debug|Any CPU.Build.0 = Debug|Any CPU
		{DCBC368D-B996-490C-9479-10813D8940B7}.Debug|arm64.ActiveCfg = Debug|Any CPU
		{DCBC368D-B996-490C-9479-10813D8940B7}.Debug|arm64.Build.0 = Debug|Any CPU
		{DCBC368D-B996-490C-9479-10813D8940B7}.Debug|x86.ActiveCfg = Debug|Any CPU
		{DCBC368D-B996-490C-9479-10813D8940B7}.Debug|x86.Build.0 = Debug|Any CPU
		{DCBC368D-B996-490C-9479-10813D8940B7}.Release|Any CPU.ActiveCfg = Release|Any CPU
		{DCBC368D-B996-490C-9479-10813D8940B7}.Release|Any CPU.Build.0 = Release|Any CPU
		{DCBC368D-B996-490C-9479-10813D8940B7}.Release|arm64.ActiveCfg = Release|Any CPU
		{DCBC368D-B996-490C-9479-10813D8940B7}.Release|arm64.Build.0 = Release|Any CPU
		{DCBC368D-B996-490C-9479-10813D8940B7}.Release|x86.ActiveCfg = Release|Any CPU
		{DCBC368D-B996-490C-9479-10813D8940B7}.Release|x86.Build.0 = Release|Any CPU
		{BE94EB46-2E1B-4C8F-9A02-2627C6E73CAC}.Debug|Any CPU.ActiveCfg = Debug|Any CPU
		{BE94EB46-2E1B-4C8F-9A02-2627C6E73CAC}.Debug|Any CPU.Build.0 = Debug|Any CPU
		{BE94EB46-2E1B-4C8F-9A02-2627C6E73CAC}.Debug|arm64.ActiveCfg = Debug|Any CPU
		{BE94EB46-2E1B-4C8F-9A02-2627C6E73CAC}.Debug|arm64.Build.0 = Debug|Any CPU
		{BE94EB46-2E1B-4C8F-9A02-2627C6E73CAC}.Debug|x86.ActiveCfg = Debug|Any CPU
		{BE94EB46-2E1B-4C8F-9A02-2627C6E73CAC}.Debug|x86.Build.0 = Debug|Any CPU
		{BE94EB46-2E1B-4C8F-9A02-2627C6E73CAC}.Release|Any CPU.ActiveCfg = Release|Any CPU
		{BE94EB46-2E1B-4C8F-9A02-2627C6E73CAC}.Release|Any CPU.Build.0 = Release|Any CPU
		{BE94EB46-2E1B-4C8F-9A02-2627C6E73CAC}.Release|arm64.ActiveCfg = Release|Any CPU
		{BE94EB46-2E1B-4C8F-9A02-2627C6E73CAC}.Release|arm64.Build.0 = Release|Any CPU
		{BE94EB46-2E1B-4C8F-9A02-2627C6E73CAC}.Release|x86.ActiveCfg = Release|Any CPU
		{BE94EB46-2E1B-4C8F-9A02-2627C6E73CAC}.Release|x86.Build.0 = Release|Any CPU
		{6BF8A738-2345-4592-84CC-884F9745BEC0}.Debug|Any CPU.ActiveCfg = Debug|Any CPU
		{6BF8A738-2345-4592-84CC-884F9745BEC0}.Debug|Any CPU.Build.0 = Debug|Any CPU
		{6BF8A738-2345-4592-84CC-884F9745BEC0}.Debug|arm64.ActiveCfg = Debug|Any CPU
		{6BF8A738-2345-4592-84CC-884F9745BEC0}.Debug|arm64.Build.0 = Debug|Any CPU
		{6BF8A738-2345-4592-84CC-884F9745BEC0}.Debug|x86.ActiveCfg = Debug|Any CPU
		{6BF8A738-2345-4592-84CC-884F9745BEC0}.Debug|x86.Build.0 = Debug|Any CPU
		{6BF8A738-2345-4592-84CC-884F9745BEC0}.Release|Any CPU.ActiveCfg = Release|Any CPU
		{6BF8A738-2345-4592-84CC-884F9745BEC0}.Release|Any CPU.Build.0 = Release|Any CPU
		{6BF8A738-2345-4592-84CC-884F9745BEC0}.Release|arm64.ActiveCfg = Release|Any CPU
		{6BF8A738-2345-4592-84CC-884F9745BEC0}.Release|arm64.Build.0 = Release|Any CPU
		{6BF8A738-2345-4592-84CC-884F9745BEC0}.Release|x86.ActiveCfg = Release|Any CPU
		{6BF8A738-2345-4592-84CC-884F9745BEC0}.Release|x86.Build.0 = Release|Any CPU
		{17CA336C-5E18-4980-9B6F-923260AD9C73}.Debug|Any CPU.ActiveCfg = Debug|Any CPU
		{17CA336C-5E18-4980-9B6F-923260AD9C73}.Debug|Any CPU.Build.0 = Debug|Any CPU
		{17CA336C-5E18-4980-9B6F-923260AD9C73}.Debug|arm64.ActiveCfg = Debug|Any CPU
		{17CA336C-5E18-4980-9B6F-923260AD9C73}.Debug|arm64.Build.0 = Debug|Any CPU
		{17CA336C-5E18-4980-9B6F-923260AD9C73}.Debug|x86.ActiveCfg = Debug|Any CPU
		{17CA336C-5E18-4980-9B6F-923260AD9C73}.Debug|x86.Build.0 = Debug|Any CPU
		{17CA336C-5E18-4980-9B6F-923260AD9C73}.Release|Any CPU.ActiveCfg = Release|Any CPU
		{17CA336C-5E18-4980-9B6F-923260AD9C73}.Release|Any CPU.Build.0 = Release|Any CPU
		{17CA336C-5E18-4980-9B6F-923260AD9C73}.Release|arm64.ActiveCfg = Release|Any CPU
		{17CA336C-5E18-4980-9B6F-923260AD9C73}.Release|arm64.Build.0 = Release|Any CPU
		{17CA336C-5E18-4980-9B6F-923260AD9C73}.Release|x86.ActiveCfg = Release|Any CPU
		{17CA336C-5E18-4980-9B6F-923260AD9C73}.Release|x86.Build.0 = Release|Any CPU
		{554AAD01-533F-40AB-BDC3-81285AB19741}.Debug|Any CPU.ActiveCfg = Debug|Any CPU
		{554AAD01-533F-40AB-BDC3-81285AB19741}.Debug|Any CPU.Build.0 = Debug|Any CPU
		{554AAD01-533F-40AB-BDC3-81285AB19741}.Debug|arm64.ActiveCfg = Debug|Any CPU
		{554AAD01-533F-40AB-BDC3-81285AB19741}.Debug|arm64.Build.0 = Debug|Any CPU
		{554AAD01-533F-40AB-BDC3-81285AB19741}.Debug|x86.ActiveCfg = Debug|Any CPU
		{554AAD01-533F-40AB-BDC3-81285AB19741}.Debug|x86.Build.0 = Debug|Any CPU
		{554AAD01-533F-40AB-BDC3-81285AB19741}.Release|Any CPU.ActiveCfg = Release|Any CPU
		{554AAD01-533F-40AB-BDC3-81285AB19741}.Release|Any CPU.Build.0 = Release|Any CPU
		{554AAD01-533F-40AB-BDC3-81285AB19741}.Release|arm64.ActiveCfg = Release|Any CPU
		{554AAD01-533F-40AB-BDC3-81285AB19741}.Release|arm64.Build.0 = Release|Any CPU
		{554AAD01-533F-40AB-BDC3-81285AB19741}.Release|x86.ActiveCfg = Release|Any CPU
		{554AAD01-533F-40AB-BDC3-81285AB19741}.Release|x86.Build.0 = Release|Any CPU
		{F340136F-9226-4872-88FC-D0C0C9098061}.Debug|Any CPU.ActiveCfg = Debug|Any CPU
		{F340136F-9226-4872-88FC-D0C0C9098061}.Debug|Any CPU.Build.0 = Debug|Any CPU
		{F340136F-9226-4872-88FC-D0C0C9098061}.Debug|arm64.ActiveCfg = Debug|Any CPU
		{F340136F-9226-4872-88FC-D0C0C9098061}.Debug|arm64.Build.0 = Debug|Any CPU
		{F340136F-9226-4872-88FC-D0C0C9098061}.Debug|x86.ActiveCfg = Debug|Any CPU
		{F340136F-9226-4872-88FC-D0C0C9098061}.Debug|x86.Build.0 = Debug|Any CPU
		{F340136F-9226-4872-88FC-D0C0C9098061}.Release|Any CPU.ActiveCfg = Release|Any CPU
		{F340136F-9226-4872-88FC-D0C0C9098061}.Release|Any CPU.Build.0 = Release|Any CPU
		{F340136F-9226-4872-88FC-D0C0C9098061}.Release|arm64.ActiveCfg = Release|Any CPU
		{F340136F-9226-4872-88FC-D0C0C9098061}.Release|arm64.Build.0 = Release|Any CPU
		{F340136F-9226-4872-88FC-D0C0C9098061}.Release|x86.ActiveCfg = Release|Any CPU
		{F340136F-9226-4872-88FC-D0C0C9098061}.Release|x86.Build.0 = Release|Any CPU
		{B7385328-376E-4D1E-B62A-D5F7CF31003C}.Debug|Any CPU.ActiveCfg = Debug|Any CPU
		{B7385328-376E-4D1E-B62A-D5F7CF31003C}.Debug|Any CPU.Build.0 = Debug|Any CPU
		{B7385328-376E-4D1E-B62A-D5F7CF31003C}.Debug|arm64.ActiveCfg = Debug|Any CPU
		{B7385328-376E-4D1E-B62A-D5F7CF31003C}.Debug|arm64.Build.0 = Debug|Any CPU
		{B7385328-376E-4D1E-B62A-D5F7CF31003C}.Debug|x86.ActiveCfg = Debug|Any CPU
		{B7385328-376E-4D1E-B62A-D5F7CF31003C}.Debug|x86.Build.0 = Debug|Any CPU
		{B7385328-376E-4D1E-B62A-D5F7CF31003C}.Release|Any CPU.ActiveCfg = Release|Any CPU
		{B7385328-376E-4D1E-B62A-D5F7CF31003C}.Release|Any CPU.Build.0 = Release|Any CPU
		{B7385328-376E-4D1E-B62A-D5F7CF31003C}.Release|arm64.ActiveCfg = Release|Any CPU
		{B7385328-376E-4D1E-B62A-D5F7CF31003C}.Release|arm64.Build.0 = Release|Any CPU
		{B7385328-376E-4D1E-B62A-D5F7CF31003C}.Release|x86.ActiveCfg = Release|Any CPU
		{B7385328-376E-4D1E-B62A-D5F7CF31003C}.Release|x86.Build.0 = Release|Any CPU
		{F4D4494A-78F4-4641-A44C-46BA15627EC5}.Debug|Any CPU.ActiveCfg = Debug|Any CPU
		{F4D4494A-78F4-4641-A44C-46BA15627EC5}.Debug|Any CPU.Build.0 = Debug|Any CPU
		{F4D4494A-78F4-4641-A44C-46BA15627EC5}.Debug|arm64.ActiveCfg = Debug|Any CPU
		{F4D4494A-78F4-4641-A44C-46BA15627EC5}.Debug|arm64.Build.0 = Debug|Any CPU
		{F4D4494A-78F4-4641-A44C-46BA15627EC5}.Debug|x86.ActiveCfg = Debug|Any CPU
		{F4D4494A-78F4-4641-A44C-46BA15627EC5}.Debug|x86.Build.0 = Debug|Any CPU
		{F4D4494A-78F4-4641-A44C-46BA15627EC5}.Release|Any CPU.ActiveCfg = Release|Any CPU
		{F4D4494A-78F4-4641-A44C-46BA15627EC5}.Release|Any CPU.Build.0 = Release|Any CPU
		{F4D4494A-78F4-4641-A44C-46BA15627EC5}.Release|arm64.ActiveCfg = Release|Any CPU
		{F4D4494A-78F4-4641-A44C-46BA15627EC5}.Release|arm64.Build.0 = Release|Any CPU
		{F4D4494A-78F4-4641-A44C-46BA15627EC5}.Release|x86.ActiveCfg = Release|Any CPU
		{F4D4494A-78F4-4641-A44C-46BA15627EC5}.Release|x86.Build.0 = Release|Any CPU
		{ED9E7766-F7E9-4764-9132-006237AD34C2}.Debug|Any CPU.ActiveCfg = Debug|Any CPU
		{ED9E7766-F7E9-4764-9132-006237AD34C2}.Debug|Any CPU.Build.0 = Debug|Any CPU
		{ED9E7766-F7E9-4764-9132-006237AD34C2}.Debug|arm64.ActiveCfg = Debug|Any CPU
		{ED9E7766-F7E9-4764-9132-006237AD34C2}.Debug|arm64.Build.0 = Debug|Any CPU
		{ED9E7766-F7E9-4764-9132-006237AD34C2}.Debug|x86.ActiveCfg = Debug|Any CPU
		{ED9E7766-F7E9-4764-9132-006237AD34C2}.Debug|x86.Build.0 = Debug|Any CPU
		{ED9E7766-F7E9-4764-9132-006237AD34C2}.Release|Any CPU.ActiveCfg = Release|Any CPU
		{ED9E7766-F7E9-4764-9132-006237AD34C2}.Release|Any CPU.Build.0 = Release|Any CPU
		{ED9E7766-F7E9-4764-9132-006237AD34C2}.Release|arm64.ActiveCfg = Release|Any CPU
		{ED9E7766-F7E9-4764-9132-006237AD34C2}.Release|arm64.Build.0 = Release|Any CPU
		{ED9E7766-F7E9-4764-9132-006237AD34C2}.Release|x86.ActiveCfg = Release|Any CPU
		{ED9E7766-F7E9-4764-9132-006237AD34C2}.Release|x86.Build.0 = Release|Any CPU
		{10B5392C-A09F-4E29-9573-E5E5B5ACC036}.Debug|Any CPU.ActiveCfg = Debug|Any CPU
		{10B5392C-A09F-4E29-9573-E5E5B5ACC036}.Debug|Any CPU.Build.0 = Debug|Any CPU
		{10B5392C-A09F-4E29-9573-E5E5B5ACC036}.Debug|arm64.ActiveCfg = Debug|Any CPU
		{10B5392C-A09F-4E29-9573-E5E5B5ACC036}.Debug|arm64.Build.0 = Debug|Any CPU
		{10B5392C-A09F-4E29-9573-E5E5B5ACC036}.Debug|x86.ActiveCfg = Debug|Any CPU
		{10B5392C-A09F-4E29-9573-E5E5B5ACC036}.Debug|x86.Build.0 = Debug|Any CPU
		{10B5392C-A09F-4E29-9573-E5E5B5ACC036}.Release|Any CPU.ActiveCfg = Release|Any CPU
		{10B5392C-A09F-4E29-9573-E5E5B5ACC036}.Release|Any CPU.Build.0 = Release|Any CPU
		{10B5392C-A09F-4E29-9573-E5E5B5ACC036}.Release|arm64.ActiveCfg = Release|Any CPU
		{10B5392C-A09F-4E29-9573-E5E5B5ACC036}.Release|arm64.Build.0 = Release|Any CPU
		{10B5392C-A09F-4E29-9573-E5E5B5ACC036}.Release|x86.ActiveCfg = Release|Any CPU
		{10B5392C-A09F-4E29-9573-E5E5B5ACC036}.Release|x86.Build.0 = Release|Any CPU
		{D8A78172-A285-426E-903E-F8DE33BDAEB6}.Debug|Any CPU.ActiveCfg = Debug|Any CPU
		{D8A78172-A285-426E-903E-F8DE33BDAEB6}.Debug|Any CPU.Build.0 = Debug|Any CPU
		{D8A78172-A285-426E-903E-F8DE33BDAEB6}.Debug|arm64.ActiveCfg = Debug|Any CPU
		{D8A78172-A285-426E-903E-F8DE33BDAEB6}.Debug|arm64.Build.0 = Debug|Any CPU
		{D8A78172-A285-426E-903E-F8DE33BDAEB6}.Debug|x86.ActiveCfg = Debug|Any CPU
		{D8A78172-A285-426E-903E-F8DE33BDAEB6}.Debug|x86.Build.0 = Debug|Any CPU
		{D8A78172-A285-426E-903E-F8DE33BDAEB6}.Release|Any CPU.ActiveCfg = Release|Any CPU
		{D8A78172-A285-426E-903E-F8DE33BDAEB6}.Release|Any CPU.Build.0 = Release|Any CPU
		{D8A78172-A285-426E-903E-F8DE33BDAEB6}.Release|arm64.ActiveCfg = Release|Any CPU
		{D8A78172-A285-426E-903E-F8DE33BDAEB6}.Release|arm64.Build.0 = Release|Any CPU
		{D8A78172-A285-426E-903E-F8DE33BDAEB6}.Release|x86.ActiveCfg = Release|Any CPU
		{D8A78172-A285-426E-903E-F8DE33BDAEB6}.Release|x86.Build.0 = Release|Any CPU
		{D967061C-E169-4C0C-A889-CBEB55F0DF2A}.Debug|Any CPU.ActiveCfg = Debug|Any CPU
		{D967061C-E169-4C0C-A889-CBEB55F0DF2A}.Debug|Any CPU.Build.0 = Debug|Any CPU
		{D967061C-E169-4C0C-A889-CBEB55F0DF2A}.Debug|arm64.ActiveCfg = Debug|Any CPU
		{D967061C-E169-4C0C-A889-CBEB55F0DF2A}.Debug|arm64.Build.0 = Debug|Any CPU
		{D967061C-E169-4C0C-A889-CBEB55F0DF2A}.Debug|x86.ActiveCfg = Debug|Any CPU
		{D967061C-E169-4C0C-A889-CBEB55F0DF2A}.Debug|x86.Build.0 = Debug|Any CPU
		{D967061C-E169-4C0C-A889-CBEB55F0DF2A}.Release|Any CPU.ActiveCfg = Release|Any CPU
		{D967061C-E169-4C0C-A889-CBEB55F0DF2A}.Release|Any CPU.Build.0 = Release|Any CPU
		{D967061C-E169-4C0C-A889-CBEB55F0DF2A}.Release|arm64.ActiveCfg = Release|Any CPU
		{D967061C-E169-4C0C-A889-CBEB55F0DF2A}.Release|arm64.Build.0 = Release|Any CPU
		{D967061C-E169-4C0C-A889-CBEB55F0DF2A}.Release|x86.ActiveCfg = Release|Any CPU
		{D967061C-E169-4C0C-A889-CBEB55F0DF2A}.Release|x86.Build.0 = Release|Any CPU
		{3C92B979-D944-48A7-AB9A-C6DB8810AD9C}.Debug|Any CPU.ActiveCfg = Debug|Any CPU
		{3C92B979-D944-48A7-AB9A-C6DB8810AD9C}.Debug|Any CPU.Build.0 = Debug|Any CPU
		{3C92B979-D944-48A7-AB9A-C6DB8810AD9C}.Debug|arm64.ActiveCfg = Debug|Any CPU
		{3C92B979-D944-48A7-AB9A-C6DB8810AD9C}.Debug|arm64.Build.0 = Debug|Any CPU
		{3C92B979-D944-48A7-AB9A-C6DB8810AD9C}.Debug|x86.ActiveCfg = Debug|Any CPU
		{3C92B979-D944-48A7-AB9A-C6DB8810AD9C}.Debug|x86.Build.0 = Debug|Any CPU
		{3C92B979-D944-48A7-AB9A-C6DB8810AD9C}.Release|Any CPU.ActiveCfg = Release|Any CPU
		{3C92B979-D944-48A7-AB9A-C6DB8810AD9C}.Release|Any CPU.Build.0 = Release|Any CPU
		{3C92B979-D944-48A7-AB9A-C6DB8810AD9C}.Release|arm64.ActiveCfg = Release|Any CPU
		{3C92B979-D944-48A7-AB9A-C6DB8810AD9C}.Release|arm64.Build.0 = Release|Any CPU
		{3C92B979-D944-48A7-AB9A-C6DB8810AD9C}.Release|x86.ActiveCfg = Release|Any CPU
		{3C92B979-D944-48A7-AB9A-C6DB8810AD9C}.Release|x86.Build.0 = Release|Any CPU
		{07DA583B-79A9-427C-8BBF-D70C69479460}.Debug|Any CPU.ActiveCfg = Debug|Any CPU
		{07DA583B-79A9-427C-8BBF-D70C69479460}.Debug|Any CPU.Build.0 = Debug|Any CPU
		{07DA583B-79A9-427C-8BBF-D70C69479460}.Debug|arm64.ActiveCfg = Debug|Any CPU
		{07DA583B-79A9-427C-8BBF-D70C69479460}.Debug|arm64.Build.0 = Debug|Any CPU
		{07DA583B-79A9-427C-8BBF-D70C69479460}.Debug|x86.ActiveCfg = Debug|Any CPU
		{07DA583B-79A9-427C-8BBF-D70C69479460}.Debug|x86.Build.0 = Debug|Any CPU
		{07DA583B-79A9-427C-8BBF-D70C69479460}.Release|Any CPU.ActiveCfg = Release|Any CPU
		{07DA583B-79A9-427C-8BBF-D70C69479460}.Release|Any CPU.Build.0 = Release|Any CPU
		{07DA583B-79A9-427C-8BBF-D70C69479460}.Release|arm64.ActiveCfg = Release|Any CPU
		{07DA583B-79A9-427C-8BBF-D70C69479460}.Release|arm64.Build.0 = Release|Any CPU
		{07DA583B-79A9-427C-8BBF-D70C69479460}.Release|x86.ActiveCfg = Release|Any CPU
		{07DA583B-79A9-427C-8BBF-D70C69479460}.Release|x86.Build.0 = Release|Any CPU
		{14DA19D8-3189-47B5-93CD-A46D315BB70D}.Debug|Any CPU.ActiveCfg = Debug|Any CPU
		{14DA19D8-3189-47B5-93CD-A46D315BB70D}.Debug|Any CPU.Build.0 = Debug|Any CPU
		{14DA19D8-3189-47B5-93CD-A46D315BB70D}.Debug|arm64.ActiveCfg = Debug|Any CPU
		{14DA19D8-3189-47B5-93CD-A46D315BB70D}.Debug|arm64.Build.0 = Debug|Any CPU
		{14DA19D8-3189-47B5-93CD-A46D315BB70D}.Debug|x86.ActiveCfg = Debug|Any CPU
		{14DA19D8-3189-47B5-93CD-A46D315BB70D}.Debug|x86.Build.0 = Debug|Any CPU
		{14DA19D8-3189-47B5-93CD-A46D315BB70D}.Release|Any CPU.ActiveCfg = Release|Any CPU
		{14DA19D8-3189-47B5-93CD-A46D315BB70D}.Release|Any CPU.Build.0 = Release|Any CPU
		{14DA19D8-3189-47B5-93CD-A46D315BB70D}.Release|arm64.ActiveCfg = Release|Any CPU
		{14DA19D8-3189-47B5-93CD-A46D315BB70D}.Release|arm64.Build.0 = Release|Any CPU
		{14DA19D8-3189-47B5-93CD-A46D315BB70D}.Release|x86.ActiveCfg = Release|Any CPU
		{14DA19D8-3189-47B5-93CD-A46D315BB70D}.Release|x86.Build.0 = Release|Any CPU
		{7321CF81-A673-408B-8DE7-23A00EB194B2}.Debug|Any CPU.ActiveCfg = Debug|Any CPU
		{7321CF81-A673-408B-8DE7-23A00EB194B2}.Debug|Any CPU.Build.0 = Debug|Any CPU
		{7321CF81-A673-408B-8DE7-23A00EB194B2}.Debug|arm64.ActiveCfg = Debug|Any CPU
		{7321CF81-A673-408B-8DE7-23A00EB194B2}.Debug|arm64.Build.0 = Debug|Any CPU
		{7321CF81-A673-408B-8DE7-23A00EB194B2}.Debug|x86.ActiveCfg = Debug|Any CPU
		{7321CF81-A673-408B-8DE7-23A00EB194B2}.Debug|x86.Build.0 = Debug|Any CPU
		{7321CF81-A673-408B-8DE7-23A00EB194B2}.Release|Any CPU.ActiveCfg = Release|Any CPU
		{7321CF81-A673-408B-8DE7-23A00EB194B2}.Release|Any CPU.Build.0 = Release|Any CPU
		{7321CF81-A673-408B-8DE7-23A00EB194B2}.Release|arm64.ActiveCfg = Release|Any CPU
		{7321CF81-A673-408B-8DE7-23A00EB194B2}.Release|arm64.Build.0 = Release|Any CPU
		{7321CF81-A673-408B-8DE7-23A00EB194B2}.Release|x86.ActiveCfg = Release|Any CPU
		{7321CF81-A673-408B-8DE7-23A00EB194B2}.Release|x86.Build.0 = Release|Any CPU
		{5B5CF6EE-E717-4FF5-A87E-7E3763B8CCEF}.Debug|Any CPU.ActiveCfg = Debug|Any CPU
		{5B5CF6EE-E717-4FF5-A87E-7E3763B8CCEF}.Debug|Any CPU.Build.0 = Debug|Any CPU
		{5B5CF6EE-E717-4FF5-A87E-7E3763B8CCEF}.Debug|arm64.ActiveCfg = Debug|Any CPU
		{5B5CF6EE-E717-4FF5-A87E-7E3763B8CCEF}.Debug|arm64.Build.0 = Debug|Any CPU
		{5B5CF6EE-E717-4FF5-A87E-7E3763B8CCEF}.Debug|x86.ActiveCfg = Debug|Any CPU
		{5B5CF6EE-E717-4FF5-A87E-7E3763B8CCEF}.Debug|x86.Build.0 = Debug|Any CPU
		{5B5CF6EE-E717-4FF5-A87E-7E3763B8CCEF}.Release|Any CPU.ActiveCfg = Release|Any CPU
		{5B5CF6EE-E717-4FF5-A87E-7E3763B8CCEF}.Release|Any CPU.Build.0 = Release|Any CPU
		{5B5CF6EE-E717-4FF5-A87E-7E3763B8CCEF}.Release|arm64.ActiveCfg = Release|Any CPU
		{5B5CF6EE-E717-4FF5-A87E-7E3763B8CCEF}.Release|arm64.Build.0 = Release|Any CPU
		{5B5CF6EE-E717-4FF5-A87E-7E3763B8CCEF}.Release|x86.ActiveCfg = Release|Any CPU
		{5B5CF6EE-E717-4FF5-A87E-7E3763B8CCEF}.Release|x86.Build.0 = Release|Any CPU
		{DC2FEC6E-C92A-4359-82BC-E710FEA4A185}.Debug|Any CPU.ActiveCfg = Debug|Any CPU
		{DC2FEC6E-C92A-4359-82BC-E710FEA4A185}.Debug|Any CPU.Build.0 = Debug|Any CPU
		{DC2FEC6E-C92A-4359-82BC-E710FEA4A185}.Debug|arm64.ActiveCfg = Debug|Any CPU
		{DC2FEC6E-C92A-4359-82BC-E710FEA4A185}.Debug|arm64.Build.0 = Debug|Any CPU
		{DC2FEC6E-C92A-4359-82BC-E710FEA4A185}.Debug|x86.ActiveCfg = Debug|Any CPU
		{DC2FEC6E-C92A-4359-82BC-E710FEA4A185}.Debug|x86.Build.0 = Debug|Any CPU
		{DC2FEC6E-C92A-4359-82BC-E710FEA4A185}.Release|Any CPU.ActiveCfg = Release|Any CPU
		{DC2FEC6E-C92A-4359-82BC-E710FEA4A185}.Release|Any CPU.Build.0 = Release|Any CPU
		{DC2FEC6E-C92A-4359-82BC-E710FEA4A185}.Release|arm64.ActiveCfg = Release|Any CPU
		{DC2FEC6E-C92A-4359-82BC-E710FEA4A185}.Release|arm64.Build.0 = Release|Any CPU
		{DC2FEC6E-C92A-4359-82BC-E710FEA4A185}.Release|x86.ActiveCfg = Release|Any CPU
		{DC2FEC6E-C92A-4359-82BC-E710FEA4A185}.Release|x86.Build.0 = Release|Any CPU
		{4DFDC8AE-242B-4473-94BF-128252228349}.Debug|Any CPU.ActiveCfg = Debug|Any CPU
		{4DFDC8AE-242B-4473-94BF-128252228349}.Debug|Any CPU.Build.0 = Debug|Any CPU
		{4DFDC8AE-242B-4473-94BF-128252228349}.Debug|arm64.ActiveCfg = Debug|Any CPU
		{4DFDC8AE-242B-4473-94BF-128252228349}.Debug|arm64.Build.0 = Debug|Any CPU
		{4DFDC8AE-242B-4473-94BF-128252228349}.Debug|x86.ActiveCfg = Debug|Any CPU
		{4DFDC8AE-242B-4473-94BF-128252228349}.Debug|x86.Build.0 = Debug|Any CPU
		{4DFDC8AE-242B-4473-94BF-128252228349}.Release|Any CPU.ActiveCfg = Release|Any CPU
		{4DFDC8AE-242B-4473-94BF-128252228349}.Release|Any CPU.Build.0 = Release|Any CPU
		{4DFDC8AE-242B-4473-94BF-128252228349}.Release|arm64.ActiveCfg = Release|Any CPU
		{4DFDC8AE-242B-4473-94BF-128252228349}.Release|arm64.Build.0 = Release|Any CPU
		{4DFDC8AE-242B-4473-94BF-128252228349}.Release|x86.ActiveCfg = Release|Any CPU
		{4DFDC8AE-242B-4473-94BF-128252228349}.Release|x86.Build.0 = Release|Any CPU
		{1841D50E-2561-4C35-993F-D90C136E55D4}.Debug|Any CPU.ActiveCfg = Debug|Any CPU
		{1841D50E-2561-4C35-993F-D90C136E55D4}.Debug|Any CPU.Build.0 = Debug|Any CPU
		{1841D50E-2561-4C35-993F-D90C136E55D4}.Debug|arm64.ActiveCfg = Debug|Any CPU
		{1841D50E-2561-4C35-993F-D90C136E55D4}.Debug|arm64.Build.0 = Debug|Any CPU
		{1841D50E-2561-4C35-993F-D90C136E55D4}.Debug|x86.ActiveCfg = Debug|Any CPU
		{1841D50E-2561-4C35-993F-D90C136E55D4}.Debug|x86.Build.0 = Debug|Any CPU
		{1841D50E-2561-4C35-993F-D90C136E55D4}.Release|Any CPU.ActiveCfg = Release|Any CPU
		{1841D50E-2561-4C35-993F-D90C136E55D4}.Release|Any CPU.Build.0 = Release|Any CPU
		{1841D50E-2561-4C35-993F-D90C136E55D4}.Release|arm64.ActiveCfg = Release|Any CPU
		{1841D50E-2561-4C35-993F-D90C136E55D4}.Release|arm64.Build.0 = Release|Any CPU
		{1841D50E-2561-4C35-993F-D90C136E55D4}.Release|x86.ActiveCfg = Release|Any CPU
		{1841D50E-2561-4C35-993F-D90C136E55D4}.Release|x86.Build.0 = Release|Any CPU
		{334A57AA-6D80-477F-AFC8-2A49FBACC368}.Debug|Any CPU.ActiveCfg = Debug|Any CPU
		{334A57AA-6D80-477F-AFC8-2A49FBACC368}.Debug|Any CPU.Build.0 = Debug|Any CPU
		{334A57AA-6D80-477F-AFC8-2A49FBACC368}.Debug|arm64.ActiveCfg = Debug|Any CPU
		{334A57AA-6D80-477F-AFC8-2A49FBACC368}.Debug|arm64.Build.0 = Debug|Any CPU
		{334A57AA-6D80-477F-AFC8-2A49FBACC368}.Debug|x86.ActiveCfg = Debug|Any CPU
		{334A57AA-6D80-477F-AFC8-2A49FBACC368}.Debug|x86.Build.0 = Debug|Any CPU
		{334A57AA-6D80-477F-AFC8-2A49FBACC368}.Release|Any CPU.ActiveCfg = Release|Any CPU
		{334A57AA-6D80-477F-AFC8-2A49FBACC368}.Release|Any CPU.Build.0 = Release|Any CPU
		{334A57AA-6D80-477F-AFC8-2A49FBACC368}.Release|arm64.ActiveCfg = Release|Any CPU
		{334A57AA-6D80-477F-AFC8-2A49FBACC368}.Release|arm64.Build.0 = Release|Any CPU
		{334A57AA-6D80-477F-AFC8-2A49FBACC368}.Release|x86.ActiveCfg = Release|Any CPU
		{334A57AA-6D80-477F-AFC8-2A49FBACC368}.Release|x86.Build.0 = Release|Any CPU
		{9E884945-386B-4852-8BFB-7966040F09F3}.Debug|Any CPU.ActiveCfg = Debug|Any CPU
		{9E884945-386B-4852-8BFB-7966040F09F3}.Debug|Any CPU.Build.0 = Debug|Any CPU
		{9E884945-386B-4852-8BFB-7966040F09F3}.Debug|arm64.ActiveCfg = Debug|Any CPU
		{9E884945-386B-4852-8BFB-7966040F09F3}.Debug|arm64.Build.0 = Debug|Any CPU
		{9E884945-386B-4852-8BFB-7966040F09F3}.Debug|x86.ActiveCfg = Debug|Any CPU
		{9E884945-386B-4852-8BFB-7966040F09F3}.Debug|x86.Build.0 = Debug|Any CPU
		{9E884945-386B-4852-8BFB-7966040F09F3}.Release|Any CPU.ActiveCfg = Release|Any CPU
		{9E884945-386B-4852-8BFB-7966040F09F3}.Release|Any CPU.Build.0 = Release|Any CPU
		{9E884945-386B-4852-8BFB-7966040F09F3}.Release|arm64.ActiveCfg = Release|Any CPU
		{9E884945-386B-4852-8BFB-7966040F09F3}.Release|arm64.Build.0 = Release|Any CPU
		{9E884945-386B-4852-8BFB-7966040F09F3}.Release|x86.ActiveCfg = Release|Any CPU
		{9E884945-386B-4852-8BFB-7966040F09F3}.Release|x86.Build.0 = Release|Any CPU
		{9D950F03-5F0D-4701-B6CC-89AE5976C175}.Debug|Any CPU.ActiveCfg = Debug|Any CPU
		{9D950F03-5F0D-4701-B6CC-89AE5976C175}.Debug|Any CPU.Build.0 = Debug|Any CPU
		{9D950F03-5F0D-4701-B6CC-89AE5976C175}.Debug|arm64.ActiveCfg = Debug|Any CPU
		{9D950F03-5F0D-4701-B6CC-89AE5976C175}.Debug|arm64.Build.0 = Debug|Any CPU
		{9D950F03-5F0D-4701-B6CC-89AE5976C175}.Debug|x86.ActiveCfg = Debug|Any CPU
		{9D950F03-5F0D-4701-B6CC-89AE5976C175}.Debug|x86.Build.0 = Debug|Any CPU
		{9D950F03-5F0D-4701-B6CC-89AE5976C175}.Release|Any CPU.ActiveCfg = Release|Any CPU
		{9D950F03-5F0D-4701-B6CC-89AE5976C175}.Release|Any CPU.Build.0 = Release|Any CPU
		{9D950F03-5F0D-4701-B6CC-89AE5976C175}.Release|arm64.ActiveCfg = Release|Any CPU
		{9D950F03-5F0D-4701-B6CC-89AE5976C175}.Release|arm64.Build.0 = Release|Any CPU
		{9D950F03-5F0D-4701-B6CC-89AE5976C175}.Release|x86.ActiveCfg = Release|Any CPU
		{9D950F03-5F0D-4701-B6CC-89AE5976C175}.Release|x86.Build.0 = Release|Any CPU
		{7298EA13-F86D-4E87-88B8-BC024B71D381}.Debug|Any CPU.ActiveCfg = Debug|Any CPU
		{7298EA13-F86D-4E87-88B8-BC024B71D381}.Debug|Any CPU.Build.0 = Debug|Any CPU
		{7298EA13-F86D-4E87-88B8-BC024B71D381}.Debug|arm64.ActiveCfg = Debug|Any CPU
		{7298EA13-F86D-4E87-88B8-BC024B71D381}.Debug|arm64.Build.0 = Debug|Any CPU
		{7298EA13-F86D-4E87-88B8-BC024B71D381}.Debug|x86.ActiveCfg = Debug|Any CPU
		{7298EA13-F86D-4E87-88B8-BC024B71D381}.Debug|x86.Build.0 = Debug|Any CPU
		{7298EA13-F86D-4E87-88B8-BC024B71D381}.Release|Any CPU.ActiveCfg = Release|Any CPU
		{7298EA13-F86D-4E87-88B8-BC024B71D381}.Release|Any CPU.Build.0 = Release|Any CPU
		{7298EA13-F86D-4E87-88B8-BC024B71D381}.Release|arm64.ActiveCfg = Release|Any CPU
		{7298EA13-F86D-4E87-88B8-BC024B71D381}.Release|arm64.Build.0 = Release|Any CPU
		{7298EA13-F86D-4E87-88B8-BC024B71D381}.Release|x86.ActiveCfg = Release|Any CPU
		{7298EA13-F86D-4E87-88B8-BC024B71D381}.Release|x86.Build.0 = Release|Any CPU
		{48AA6B36-9753-4C14-8C83-EE45DE2BD556}.Debug|Any CPU.ActiveCfg = Debug|Any CPU
		{48AA6B36-9753-4C14-8C83-EE45DE2BD556}.Debug|Any CPU.Build.0 = Debug|Any CPU
		{48AA6B36-9753-4C14-8C83-EE45DE2BD556}.Debug|arm64.ActiveCfg = Debug|Any CPU
		{48AA6B36-9753-4C14-8C83-EE45DE2BD556}.Debug|arm64.Build.0 = Debug|Any CPU
		{48AA6B36-9753-4C14-8C83-EE45DE2BD556}.Debug|x86.ActiveCfg = Debug|Any CPU
		{48AA6B36-9753-4C14-8C83-EE45DE2BD556}.Debug|x86.Build.0 = Debug|Any CPU
		{48AA6B36-9753-4C14-8C83-EE45DE2BD556}.Release|Any CPU.ActiveCfg = Release|Any CPU
		{48AA6B36-9753-4C14-8C83-EE45DE2BD556}.Release|Any CPU.Build.0 = Release|Any CPU
		{48AA6B36-9753-4C14-8C83-EE45DE2BD556}.Release|arm64.ActiveCfg = Release|Any CPU
		{48AA6B36-9753-4C14-8C83-EE45DE2BD556}.Release|arm64.Build.0 = Release|Any CPU
		{48AA6B36-9753-4C14-8C83-EE45DE2BD556}.Release|x86.ActiveCfg = Release|Any CPU
		{48AA6B36-9753-4C14-8C83-EE45DE2BD556}.Release|x86.Build.0 = Release|Any CPU
		{25ECA479-D27B-4548-82D6-6A2C32FA0A4D}.Debug|Any CPU.ActiveCfg = Debug|Any CPU
		{25ECA479-D27B-4548-82D6-6A2C32FA0A4D}.Debug|Any CPU.Build.0 = Debug|Any CPU
		{25ECA479-D27B-4548-82D6-6A2C32FA0A4D}.Debug|arm64.ActiveCfg = Debug|Any CPU
		{25ECA479-D27B-4548-82D6-6A2C32FA0A4D}.Debug|arm64.Build.0 = Debug|Any CPU
		{25ECA479-D27B-4548-82D6-6A2C32FA0A4D}.Debug|x86.ActiveCfg = Debug|Any CPU
		{25ECA479-D27B-4548-82D6-6A2C32FA0A4D}.Debug|x86.Build.0 = Debug|Any CPU
		{25ECA479-D27B-4548-82D6-6A2C32FA0A4D}.Release|Any CPU.ActiveCfg = Release|Any CPU
		{25ECA479-D27B-4548-82D6-6A2C32FA0A4D}.Release|Any CPU.Build.0 = Release|Any CPU
		{25ECA479-D27B-4548-82D6-6A2C32FA0A4D}.Release|arm64.ActiveCfg = Release|Any CPU
		{25ECA479-D27B-4548-82D6-6A2C32FA0A4D}.Release|arm64.Build.0 = Release|Any CPU
		{25ECA479-D27B-4548-82D6-6A2C32FA0A4D}.Release|x86.ActiveCfg = Release|Any CPU
		{25ECA479-D27B-4548-82D6-6A2C32FA0A4D}.Release|x86.Build.0 = Release|Any CPU
		{FBFD6545-5EB8-4873-910E-8F0342F44715}.Debug|Any CPU.ActiveCfg = Debug|Any CPU
		{FBFD6545-5EB8-4873-910E-8F0342F44715}.Debug|Any CPU.Build.0 = Debug|Any CPU
		{FBFD6545-5EB8-4873-910E-8F0342F44715}.Debug|arm64.ActiveCfg = Debug|Any CPU
		{FBFD6545-5EB8-4873-910E-8F0342F44715}.Debug|arm64.Build.0 = Debug|Any CPU
		{FBFD6545-5EB8-4873-910E-8F0342F44715}.Debug|x86.ActiveCfg = Debug|Any CPU
		{FBFD6545-5EB8-4873-910E-8F0342F44715}.Debug|x86.Build.0 = Debug|Any CPU
		{FBFD6545-5EB8-4873-910E-8F0342F44715}.Release|Any CPU.ActiveCfg = Release|Any CPU
		{FBFD6545-5EB8-4873-910E-8F0342F44715}.Release|Any CPU.Build.0 = Release|Any CPU
		{FBFD6545-5EB8-4873-910E-8F0342F44715}.Release|arm64.ActiveCfg = Release|Any CPU
		{FBFD6545-5EB8-4873-910E-8F0342F44715}.Release|arm64.Build.0 = Release|Any CPU
		{FBFD6545-5EB8-4873-910E-8F0342F44715}.Release|x86.ActiveCfg = Release|Any CPU
		{FBFD6545-5EB8-4873-910E-8F0342F44715}.Release|x86.Build.0 = Release|Any CPU
		{FA1AD9CA-27AA-4D1C-B49E-A71AE75FF9A4}.Debug|Any CPU.ActiveCfg = Debug|Any CPU
		{FA1AD9CA-27AA-4D1C-B49E-A71AE75FF9A4}.Debug|Any CPU.Build.0 = Debug|Any CPU
		{FA1AD9CA-27AA-4D1C-B49E-A71AE75FF9A4}.Debug|arm64.ActiveCfg = Debug|Any CPU
		{FA1AD9CA-27AA-4D1C-B49E-A71AE75FF9A4}.Debug|arm64.Build.0 = Debug|Any CPU
		{FA1AD9CA-27AA-4D1C-B49E-A71AE75FF9A4}.Debug|x86.ActiveCfg = Debug|Any CPU
		{FA1AD9CA-27AA-4D1C-B49E-A71AE75FF9A4}.Debug|x86.Build.0 = Debug|Any CPU
		{FA1AD9CA-27AA-4D1C-B49E-A71AE75FF9A4}.Release|Any CPU.ActiveCfg = Release|Any CPU
		{FA1AD9CA-27AA-4D1C-B49E-A71AE75FF9A4}.Release|Any CPU.Build.0 = Release|Any CPU
		{FA1AD9CA-27AA-4D1C-B49E-A71AE75FF9A4}.Release|arm64.ActiveCfg = Release|Any CPU
		{FA1AD9CA-27AA-4D1C-B49E-A71AE75FF9A4}.Release|arm64.Build.0 = Release|Any CPU
		{FA1AD9CA-27AA-4D1C-B49E-A71AE75FF9A4}.Release|x86.ActiveCfg = Release|Any CPU
		{FA1AD9CA-27AA-4D1C-B49E-A71AE75FF9A4}.Release|x86.Build.0 = Release|Any CPU
		{2E99BBCD-39C5-4E32-9388-7954DB3B2DFA}.Debug|Any CPU.ActiveCfg = Debug|Any CPU
		{2E99BBCD-39C5-4E32-9388-7954DB3B2DFA}.Debug|Any CPU.Build.0 = Debug|Any CPU
		{2E99BBCD-39C5-4E32-9388-7954DB3B2DFA}.Debug|arm64.ActiveCfg = Debug|Any CPU
		{2E99BBCD-39C5-4E32-9388-7954DB3B2DFA}.Debug|arm64.Build.0 = Debug|Any CPU
		{2E99BBCD-39C5-4E32-9388-7954DB3B2DFA}.Debug|x86.ActiveCfg = Debug|Any CPU
		{2E99BBCD-39C5-4E32-9388-7954DB3B2DFA}.Debug|x86.Build.0 = Debug|Any CPU
		{2E99BBCD-39C5-4E32-9388-7954DB3B2DFA}.Release|Any CPU.ActiveCfg = Release|Any CPU
		{2E99BBCD-39C5-4E32-9388-7954DB3B2DFA}.Release|Any CPU.Build.0 = Release|Any CPU
		{2E99BBCD-39C5-4E32-9388-7954DB3B2DFA}.Release|arm64.ActiveCfg = Release|Any CPU
		{2E99BBCD-39C5-4E32-9388-7954DB3B2DFA}.Release|arm64.Build.0 = Release|Any CPU
		{2E99BBCD-39C5-4E32-9388-7954DB3B2DFA}.Release|x86.ActiveCfg = Release|Any CPU
		{2E99BBCD-39C5-4E32-9388-7954DB3B2DFA}.Release|x86.Build.0 = Release|Any CPU
		{66E86908-FA87-49E3-A389-4091827DAE3D}.Debug|Any CPU.ActiveCfg = Debug|Any CPU
		{66E86908-FA87-49E3-A389-4091827DAE3D}.Debug|Any CPU.Build.0 = Debug|Any CPU
		{66E86908-FA87-49E3-A389-4091827DAE3D}.Debug|arm64.ActiveCfg = Debug|Any CPU
		{66E86908-FA87-49E3-A389-4091827DAE3D}.Debug|arm64.Build.0 = Debug|Any CPU
		{66E86908-FA87-49E3-A389-4091827DAE3D}.Debug|x86.ActiveCfg = Debug|Any CPU
		{66E86908-FA87-49E3-A389-4091827DAE3D}.Debug|x86.Build.0 = Debug|Any CPU
		{66E86908-FA87-49E3-A389-4091827DAE3D}.Release|Any CPU.ActiveCfg = Release|Any CPU
		{66E86908-FA87-49E3-A389-4091827DAE3D}.Release|Any CPU.Build.0 = Release|Any CPU
		{66E86908-FA87-49E3-A389-4091827DAE3D}.Release|arm64.ActiveCfg = Release|Any CPU
		{66E86908-FA87-49E3-A389-4091827DAE3D}.Release|arm64.Build.0 = Release|Any CPU
		{66E86908-FA87-49E3-A389-4091827DAE3D}.Release|x86.ActiveCfg = Release|Any CPU
		{66E86908-FA87-49E3-A389-4091827DAE3D}.Release|x86.Build.0 = Release|Any CPU
		{C92BF555-F689-4F40-876E-67C1C1AECCEC}.Debug|Any CPU.ActiveCfg = Debug|Any CPU
		{C92BF555-F689-4F40-876E-67C1C1AECCEC}.Debug|Any CPU.Build.0 = Debug|Any CPU
		{C92BF555-F689-4F40-876E-67C1C1AECCEC}.Debug|arm64.ActiveCfg = Debug|Any CPU
		{C92BF555-F689-4F40-876E-67C1C1AECCEC}.Debug|arm64.Build.0 = Debug|Any CPU
		{C92BF555-F689-4F40-876E-67C1C1AECCEC}.Debug|x86.ActiveCfg = Debug|Any CPU
		{C92BF555-F689-4F40-876E-67C1C1AECCEC}.Debug|x86.Build.0 = Debug|Any CPU
		{C92BF555-F689-4F40-876E-67C1C1AECCEC}.Release|Any CPU.ActiveCfg = Release|Any CPU
		{C92BF555-F689-4F40-876E-67C1C1AECCEC}.Release|Any CPU.Build.0 = Release|Any CPU
		{C92BF555-F689-4F40-876E-67C1C1AECCEC}.Release|arm64.ActiveCfg = Release|Any CPU
		{C92BF555-F689-4F40-876E-67C1C1AECCEC}.Release|arm64.Build.0 = Release|Any CPU
		{C92BF555-F689-4F40-876E-67C1C1AECCEC}.Release|x86.ActiveCfg = Release|Any CPU
		{C92BF555-F689-4F40-876E-67C1C1AECCEC}.Release|x86.Build.0 = Release|Any CPU
		{0F5D7875-89FA-4A5E-8390-D6B132090702}.Debug|Any CPU.ActiveCfg = Debug|Any CPU
		{0F5D7875-89FA-4A5E-8390-D6B132090702}.Debug|Any CPU.Build.0 = Debug|Any CPU
		{0F5D7875-89FA-4A5E-8390-D6B132090702}.Debug|arm64.ActiveCfg = Debug|Any CPU
		{0F5D7875-89FA-4A5E-8390-D6B132090702}.Debug|arm64.Build.0 = Debug|Any CPU
		{0F5D7875-89FA-4A5E-8390-D6B132090702}.Debug|x86.ActiveCfg = Debug|Any CPU
		{0F5D7875-89FA-4A5E-8390-D6B132090702}.Debug|x86.Build.0 = Debug|Any CPU
		{0F5D7875-89FA-4A5E-8390-D6B132090702}.Release|Any CPU.ActiveCfg = Release|Any CPU
		{0F5D7875-89FA-4A5E-8390-D6B132090702}.Release|Any CPU.Build.0 = Release|Any CPU
		{0F5D7875-89FA-4A5E-8390-D6B132090702}.Release|arm64.ActiveCfg = Release|Any CPU
		{0F5D7875-89FA-4A5E-8390-D6B132090702}.Release|arm64.Build.0 = Release|Any CPU
		{0F5D7875-89FA-4A5E-8390-D6B132090702}.Release|x86.ActiveCfg = Release|Any CPU
		{0F5D7875-89FA-4A5E-8390-D6B132090702}.Release|x86.Build.0 = Release|Any CPU
		{EE870E05-A6DD-48C0-838B-1A5983AB2C23}.Debug|Any CPU.ActiveCfg = Debug|Any CPU
		{EE870E05-A6DD-48C0-838B-1A5983AB2C23}.Debug|Any CPU.Build.0 = Debug|Any CPU
		{EE870E05-A6DD-48C0-838B-1A5983AB2C23}.Debug|arm64.ActiveCfg = Debug|Any CPU
		{EE870E05-A6DD-48C0-838B-1A5983AB2C23}.Debug|arm64.Build.0 = Debug|Any CPU
		{EE870E05-A6DD-48C0-838B-1A5983AB2C23}.Debug|x86.ActiveCfg = Debug|Any CPU
		{EE870E05-A6DD-48C0-838B-1A5983AB2C23}.Debug|x86.Build.0 = Debug|Any CPU
		{EE870E05-A6DD-48C0-838B-1A5983AB2C23}.Release|Any CPU.ActiveCfg = Release|Any CPU
		{EE870E05-A6DD-48C0-838B-1A5983AB2C23}.Release|Any CPU.Build.0 = Release|Any CPU
		{EE870E05-A6DD-48C0-838B-1A5983AB2C23}.Release|arm64.ActiveCfg = Release|Any CPU
		{EE870E05-A6DD-48C0-838B-1A5983AB2C23}.Release|arm64.Build.0 = Release|Any CPU
		{EE870E05-A6DD-48C0-838B-1A5983AB2C23}.Release|x86.ActiveCfg = Release|Any CPU
		{EE870E05-A6DD-48C0-838B-1A5983AB2C23}.Release|x86.Build.0 = Release|Any CPU
		{C53CD6BD-43AB-46C1-9F70-FD31344CB4C9}.Debug|Any CPU.ActiveCfg = Debug|Any CPU
		{C53CD6BD-43AB-46C1-9F70-FD31344CB4C9}.Debug|Any CPU.Build.0 = Debug|Any CPU
		{C53CD6BD-43AB-46C1-9F70-FD31344CB4C9}.Debug|arm64.ActiveCfg = Debug|Any CPU
		{C53CD6BD-43AB-46C1-9F70-FD31344CB4C9}.Debug|arm64.Build.0 = Debug|Any CPU
		{C53CD6BD-43AB-46C1-9F70-FD31344CB4C9}.Debug|x86.ActiveCfg = Debug|Any CPU
		{C53CD6BD-43AB-46C1-9F70-FD31344CB4C9}.Debug|x86.Build.0 = Debug|Any CPU
		{C53CD6BD-43AB-46C1-9F70-FD31344CB4C9}.Release|Any CPU.ActiveCfg = Release|Any CPU
		{C53CD6BD-43AB-46C1-9F70-FD31344CB4C9}.Release|Any CPU.Build.0 = Release|Any CPU
		{C53CD6BD-43AB-46C1-9F70-FD31344CB4C9}.Release|arm64.ActiveCfg = Release|Any CPU
		{C53CD6BD-43AB-46C1-9F70-FD31344CB4C9}.Release|arm64.Build.0 = Release|Any CPU
		{C53CD6BD-43AB-46C1-9F70-FD31344CB4C9}.Release|x86.ActiveCfg = Release|Any CPU
		{C53CD6BD-43AB-46C1-9F70-FD31344CB4C9}.Release|x86.Build.0 = Release|Any CPU
		{61139EFB-64AF-43B2-9744-6F49E77650BB}.Debug|Any CPU.ActiveCfg = Debug|Any CPU
		{61139EFB-64AF-43B2-9744-6F49E77650BB}.Debug|Any CPU.Build.0 = Debug|Any CPU
		{61139EFB-64AF-43B2-9744-6F49E77650BB}.Debug|arm64.ActiveCfg = Debug|Any CPU
		{61139EFB-64AF-43B2-9744-6F49E77650BB}.Debug|arm64.Build.0 = Debug|Any CPU
		{61139EFB-64AF-43B2-9744-6F49E77650BB}.Debug|x86.ActiveCfg = Debug|Any CPU
		{61139EFB-64AF-43B2-9744-6F49E77650BB}.Debug|x86.Build.0 = Debug|Any CPU
		{61139EFB-64AF-43B2-9744-6F49E77650BB}.Release|Any CPU.ActiveCfg = Release|Any CPU
		{61139EFB-64AF-43B2-9744-6F49E77650BB}.Release|Any CPU.Build.0 = Release|Any CPU
		{61139EFB-64AF-43B2-9744-6F49E77650BB}.Release|arm64.ActiveCfg = Release|Any CPU
		{61139EFB-64AF-43B2-9744-6F49E77650BB}.Release|arm64.Build.0 = Release|Any CPU
		{61139EFB-64AF-43B2-9744-6F49E77650BB}.Release|x86.ActiveCfg = Release|Any CPU
		{61139EFB-64AF-43B2-9744-6F49E77650BB}.Release|x86.Build.0 = Release|Any CPU
		{140CCE54-E67C-4FA0-9693-D802F6AEBE57}.Debug|Any CPU.ActiveCfg = Debug|Any CPU
		{140CCE54-E67C-4FA0-9693-D802F6AEBE57}.Debug|Any CPU.Build.0 = Debug|Any CPU
		{140CCE54-E67C-4FA0-9693-D802F6AEBE57}.Debug|arm64.ActiveCfg = Debug|Any CPU
		{140CCE54-E67C-4FA0-9693-D802F6AEBE57}.Debug|arm64.Build.0 = Debug|Any CPU
		{140CCE54-E67C-4FA0-9693-D802F6AEBE57}.Debug|x86.ActiveCfg = Debug|Any CPU
		{140CCE54-E67C-4FA0-9693-D802F6AEBE57}.Debug|x86.Build.0 = Debug|Any CPU
		{140CCE54-E67C-4FA0-9693-D802F6AEBE57}.Release|Any CPU.ActiveCfg = Release|Any CPU
		{140CCE54-E67C-4FA0-9693-D802F6AEBE57}.Release|Any CPU.Build.0 = Release|Any CPU
		{140CCE54-E67C-4FA0-9693-D802F6AEBE57}.Release|arm64.ActiveCfg = Release|Any CPU
		{140CCE54-E67C-4FA0-9693-D802F6AEBE57}.Release|arm64.Build.0 = Release|Any CPU
		{140CCE54-E67C-4FA0-9693-D802F6AEBE57}.Release|x86.ActiveCfg = Release|Any CPU
		{140CCE54-E67C-4FA0-9693-D802F6AEBE57}.Release|x86.Build.0 = Release|Any CPU
		{14F13937-159F-4938-BCEE-B1FD388AC7B5}.Debug|Any CPU.ActiveCfg = Debug|Any CPU
		{14F13937-159F-4938-BCEE-B1FD388AC7B5}.Debug|Any CPU.Build.0 = Debug|Any CPU
		{14F13937-159F-4938-BCEE-B1FD388AC7B5}.Debug|arm64.ActiveCfg = Debug|Any CPU
		{14F13937-159F-4938-BCEE-B1FD388AC7B5}.Debug|arm64.Build.0 = Debug|Any CPU
		{14F13937-159F-4938-BCEE-B1FD388AC7B5}.Debug|x86.ActiveCfg = Debug|Any CPU
		{14F13937-159F-4938-BCEE-B1FD388AC7B5}.Debug|x86.Build.0 = Debug|Any CPU
		{14F13937-159F-4938-BCEE-B1FD388AC7B5}.Release|Any CPU.ActiveCfg = Release|Any CPU
		{14F13937-159F-4938-BCEE-B1FD388AC7B5}.Release|Any CPU.Build.0 = Release|Any CPU
		{14F13937-159F-4938-BCEE-B1FD388AC7B5}.Release|arm64.ActiveCfg = Release|Any CPU
		{14F13937-159F-4938-BCEE-B1FD388AC7B5}.Release|arm64.Build.0 = Release|Any CPU
		{14F13937-159F-4938-BCEE-B1FD388AC7B5}.Release|x86.ActiveCfg = Release|Any CPU
		{14F13937-159F-4938-BCEE-B1FD388AC7B5}.Release|x86.Build.0 = Release|Any CPU
		{B749B3AD-E3C9-46EA-BF15-B409C0B93575}.Debug|Any CPU.ActiveCfg = Debug|Any CPU
		{B749B3AD-E3C9-46EA-BF15-B409C0B93575}.Debug|Any CPU.Build.0 = Debug|Any CPU
		{B749B3AD-E3C9-46EA-BF15-B409C0B93575}.Debug|arm64.ActiveCfg = Debug|Any CPU
		{B749B3AD-E3C9-46EA-BF15-B409C0B93575}.Debug|arm64.Build.0 = Debug|Any CPU
		{B749B3AD-E3C9-46EA-BF15-B409C0B93575}.Debug|x86.ActiveCfg = Debug|Any CPU
		{B749B3AD-E3C9-46EA-BF15-B409C0B93575}.Debug|x86.Build.0 = Debug|Any CPU
		{B749B3AD-E3C9-46EA-BF15-B409C0B93575}.Release|Any CPU.ActiveCfg = Release|Any CPU
		{B749B3AD-E3C9-46EA-BF15-B409C0B93575}.Release|Any CPU.Build.0 = Release|Any CPU
		{B749B3AD-E3C9-46EA-BF15-B409C0B93575}.Release|arm64.ActiveCfg = Release|Any CPU
		{B749B3AD-E3C9-46EA-BF15-B409C0B93575}.Release|arm64.Build.0 = Release|Any CPU
		{B749B3AD-E3C9-46EA-BF15-B409C0B93575}.Release|x86.ActiveCfg = Release|Any CPU
		{B749B3AD-E3C9-46EA-BF15-B409C0B93575}.Release|x86.Build.0 = Release|Any CPU
		{C89A638A-30B1-4878-9A8E-3E453493FCF5}.Debug|Any CPU.ActiveCfg = Debug|Any CPU
		{C89A638A-30B1-4878-9A8E-3E453493FCF5}.Debug|Any CPU.Build.0 = Debug|Any CPU
		{C89A638A-30B1-4878-9A8E-3E453493FCF5}.Debug|arm64.ActiveCfg = Debug|Any CPU
		{C89A638A-30B1-4878-9A8E-3E453493FCF5}.Debug|arm64.Build.0 = Debug|Any CPU
		{C89A638A-30B1-4878-9A8E-3E453493FCF5}.Debug|x86.ActiveCfg = Debug|Any CPU
		{C89A638A-30B1-4878-9A8E-3E453493FCF5}.Debug|x86.Build.0 = Debug|Any CPU
		{C89A638A-30B1-4878-9A8E-3E453493FCF5}.Release|Any CPU.ActiveCfg = Release|Any CPU
		{C89A638A-30B1-4878-9A8E-3E453493FCF5}.Release|Any CPU.Build.0 = Release|Any CPU
		{C89A638A-30B1-4878-9A8E-3E453493FCF5}.Release|arm64.ActiveCfg = Release|Any CPU
		{C89A638A-30B1-4878-9A8E-3E453493FCF5}.Release|arm64.Build.0 = Release|Any CPU
		{C89A638A-30B1-4878-9A8E-3E453493FCF5}.Release|x86.ActiveCfg = Release|Any CPU
		{C89A638A-30B1-4878-9A8E-3E453493FCF5}.Release|x86.Build.0 = Release|Any CPU
		{AB36B8B9-CBEF-4D48-8765-BDF22E735326}.Debug|Any CPU.ActiveCfg = Debug|Any CPU
		{AB36B8B9-CBEF-4D48-8765-BDF22E735326}.Debug|Any CPU.Build.0 = Debug|Any CPU
		{AB36B8B9-CBEF-4D48-8765-BDF22E735326}.Debug|arm64.ActiveCfg = Debug|Any CPU
		{AB36B8B9-CBEF-4D48-8765-BDF22E735326}.Debug|arm64.Build.0 = Debug|Any CPU
		{AB36B8B9-CBEF-4D48-8765-BDF22E735326}.Debug|x86.ActiveCfg = Debug|Any CPU
		{AB36B8B9-CBEF-4D48-8765-BDF22E735326}.Debug|x86.Build.0 = Debug|Any CPU
		{AB36B8B9-CBEF-4D48-8765-BDF22E735326}.Release|Any CPU.ActiveCfg = Release|Any CPU
		{AB36B8B9-CBEF-4D48-8765-BDF22E735326}.Release|Any CPU.Build.0 = Release|Any CPU
		{AB36B8B9-CBEF-4D48-8765-BDF22E735326}.Release|arm64.ActiveCfg = Release|Any CPU
		{AB36B8B9-CBEF-4D48-8765-BDF22E735326}.Release|arm64.Build.0 = Release|Any CPU
		{AB36B8B9-CBEF-4D48-8765-BDF22E735326}.Release|x86.ActiveCfg = Release|Any CPU
		{AB36B8B9-CBEF-4D48-8765-BDF22E735326}.Release|x86.Build.0 = Release|Any CPU
		{B5DC947C-A6EB-474A-9157-06AE2CC72795}.Debug|Any CPU.ActiveCfg = Debug|Any CPU
		{B5DC947C-A6EB-474A-9157-06AE2CC72795}.Debug|Any CPU.Build.0 = Debug|Any CPU
		{B5DC947C-A6EB-474A-9157-06AE2CC72795}.Debug|arm64.ActiveCfg = Debug|Any CPU
		{B5DC947C-A6EB-474A-9157-06AE2CC72795}.Debug|arm64.Build.0 = Debug|Any CPU
		{B5DC947C-A6EB-474A-9157-06AE2CC72795}.Debug|x86.ActiveCfg = Debug|Any CPU
		{B5DC947C-A6EB-474A-9157-06AE2CC72795}.Debug|x86.Build.0 = Debug|Any CPU
		{B5DC947C-A6EB-474A-9157-06AE2CC72795}.Release|Any CPU.ActiveCfg = Release|Any CPU
		{B5DC947C-A6EB-474A-9157-06AE2CC72795}.Release|Any CPU.Build.0 = Release|Any CPU
		{B5DC947C-A6EB-474A-9157-06AE2CC72795}.Release|arm64.ActiveCfg = Release|Any CPU
		{B5DC947C-A6EB-474A-9157-06AE2CC72795}.Release|arm64.Build.0 = Release|Any CPU
		{B5DC947C-A6EB-474A-9157-06AE2CC72795}.Release|x86.ActiveCfg = Release|Any CPU
		{B5DC947C-A6EB-474A-9157-06AE2CC72795}.Release|x86.Build.0 = Release|Any CPU
		{CC8212E5-7FB6-4576-92F2-910448001462}.Debug|Any CPU.ActiveCfg = Debug|Any CPU
		{CC8212E5-7FB6-4576-92F2-910448001462}.Debug|Any CPU.Build.0 = Debug|Any CPU
		{CC8212E5-7FB6-4576-92F2-910448001462}.Debug|arm64.ActiveCfg = Debug|Any CPU
		{CC8212E5-7FB6-4576-92F2-910448001462}.Debug|arm64.Build.0 = Debug|Any CPU
		{CC8212E5-7FB6-4576-92F2-910448001462}.Debug|x86.ActiveCfg = Debug|Any CPU
		{CC8212E5-7FB6-4576-92F2-910448001462}.Debug|x86.Build.0 = Debug|Any CPU
		{CC8212E5-7FB6-4576-92F2-910448001462}.Release|Any CPU.ActiveCfg = Release|Any CPU
		{CC8212E5-7FB6-4576-92F2-910448001462}.Release|Any CPU.Build.0 = Release|Any CPU
		{CC8212E5-7FB6-4576-92F2-910448001462}.Release|arm64.ActiveCfg = Release|Any CPU
		{CC8212E5-7FB6-4576-92F2-910448001462}.Release|arm64.Build.0 = Release|Any CPU
		{CC8212E5-7FB6-4576-92F2-910448001462}.Release|x86.ActiveCfg = Release|Any CPU
		{CC8212E5-7FB6-4576-92F2-910448001462}.Release|x86.Build.0 = Release|Any CPU
		{54830E47-0AA2-4A03-A7D1-C4D46B91F062}.Debug|Any CPU.ActiveCfg = Debug|Any CPU
		{54830E47-0AA2-4A03-A7D1-C4D46B91F062}.Debug|Any CPU.Build.0 = Debug|Any CPU
		{54830E47-0AA2-4A03-A7D1-C4D46B91F062}.Debug|arm64.ActiveCfg = Debug|Any CPU
		{54830E47-0AA2-4A03-A7D1-C4D46B91F062}.Debug|arm64.Build.0 = Debug|Any CPU
		{54830E47-0AA2-4A03-A7D1-C4D46B91F062}.Debug|x86.ActiveCfg = Debug|Any CPU
		{54830E47-0AA2-4A03-A7D1-C4D46B91F062}.Debug|x86.Build.0 = Debug|Any CPU
		{54830E47-0AA2-4A03-A7D1-C4D46B91F062}.Release|Any CPU.ActiveCfg = Release|Any CPU
		{54830E47-0AA2-4A03-A7D1-C4D46B91F062}.Release|Any CPU.Build.0 = Release|Any CPU
		{54830E47-0AA2-4A03-A7D1-C4D46B91F062}.Release|arm64.ActiveCfg = Release|Any CPU
		{54830E47-0AA2-4A03-A7D1-C4D46B91F062}.Release|arm64.Build.0 = Release|Any CPU
		{54830E47-0AA2-4A03-A7D1-C4D46B91F062}.Release|x86.ActiveCfg = Release|Any CPU
		{54830E47-0AA2-4A03-A7D1-C4D46B91F062}.Release|x86.Build.0 = Release|Any CPU
		{0B5C8819-E213-43BC-A820-039281E7BC48}.Debug|Any CPU.ActiveCfg = Debug|Any CPU
		{0B5C8819-E213-43BC-A820-039281E7BC48}.Debug|Any CPU.Build.0 = Debug|Any CPU
		{0B5C8819-E213-43BC-A820-039281E7BC48}.Debug|arm64.ActiveCfg = Debug|Any CPU
		{0B5C8819-E213-43BC-A820-039281E7BC48}.Debug|arm64.Build.0 = Debug|Any CPU
		{0B5C8819-E213-43BC-A820-039281E7BC48}.Debug|x86.ActiveCfg = Debug|Any CPU
		{0B5C8819-E213-43BC-A820-039281E7BC48}.Debug|x86.Build.0 = Debug|Any CPU
		{0B5C8819-E213-43BC-A820-039281E7BC48}.Release|Any CPU.ActiveCfg = Release|Any CPU
		{0B5C8819-E213-43BC-A820-039281E7BC48}.Release|Any CPU.Build.0 = Release|Any CPU
		{0B5C8819-E213-43BC-A820-039281E7BC48}.Release|arm64.ActiveCfg = Release|Any CPU
		{0B5C8819-E213-43BC-A820-039281E7BC48}.Release|arm64.Build.0 = Release|Any CPU
		{0B5C8819-E213-43BC-A820-039281E7BC48}.Release|x86.ActiveCfg = Release|Any CPU
		{0B5C8819-E213-43BC-A820-039281E7BC48}.Release|x86.Build.0 = Release|Any CPU
		{C3C7626C-501F-4348-A50C-3DC85060CB08}.Debug|Any CPU.ActiveCfg = Debug|Any CPU
		{C3C7626C-501F-4348-A50C-3DC85060CB08}.Debug|Any CPU.Build.0 = Debug|Any CPU
		{C3C7626C-501F-4348-A50C-3DC85060CB08}.Debug|arm64.ActiveCfg = Debug|Any CPU
		{C3C7626C-501F-4348-A50C-3DC85060CB08}.Debug|arm64.Build.0 = Debug|Any CPU
		{C3C7626C-501F-4348-A50C-3DC85060CB08}.Debug|x86.ActiveCfg = Debug|Any CPU
		{C3C7626C-501F-4348-A50C-3DC85060CB08}.Debug|x86.Build.0 = Debug|Any CPU
		{C3C7626C-501F-4348-A50C-3DC85060CB08}.Release|Any CPU.ActiveCfg = Release|Any CPU
		{C3C7626C-501F-4348-A50C-3DC85060CB08}.Release|Any CPU.Build.0 = Release|Any CPU
		{C3C7626C-501F-4348-A50C-3DC85060CB08}.Release|arm64.ActiveCfg = Release|Any CPU
		{C3C7626C-501F-4348-A50C-3DC85060CB08}.Release|arm64.Build.0 = Release|Any CPU
		{C3C7626C-501F-4348-A50C-3DC85060CB08}.Release|x86.ActiveCfg = Release|Any CPU
		{C3C7626C-501F-4348-A50C-3DC85060CB08}.Release|x86.Build.0 = Release|Any CPU
	EndGlobalSection
	GlobalSection(SolutionProperties) = preSolution
		HideSolutionNode = FALSE
	EndGlobalSection
	GlobalSection(NestedProjects) = preSolution
		{BEE44D41-7CC0-4E29-A2E5-EBC55C6EED7D} = {74F80CED-05CC-4D74-A4C1-57FC8BCC0BC9}
		{7A6FB48E-D53C-4561-B92C-01D94F9F28A4} = {74F80CED-05CC-4D74-A4C1-57FC8BCC0BC9}
		{2BB84504-1BD7-457D-B8EA-1067AEB12340} = {74F80CED-05CC-4D74-A4C1-57FC8BCC0BC9}
		{BD911821-A665-415F-B39E-C238F20DDB63} = {74F80CED-05CC-4D74-A4C1-57FC8BCC0BC9}
		{88E64296-CC9C-4D6F-B4AD-585A9F672B89} = {74F80CED-05CC-4D74-A4C1-57FC8BCC0BC9}
		{B6A9A99D-4842-4762-BDBC-826B902C24E6} = {74F80CED-05CC-4D74-A4C1-57FC8BCC0BC9}
		{7EB138A4-7CED-4DA8-AE0D-55C6D8C88992} = {74F80CED-05CC-4D74-A4C1-57FC8BCC0BC9}
		{2C6580AA-ABBF-44D8-AF93-73750FAD6B7E} = {74F80CED-05CC-4D74-A4C1-57FC8BCC0BC9}
		{BC8C6BCB-D973-413C-913A-94B264413FB4} = {74F80CED-05CC-4D74-A4C1-57FC8BCC0BC9}
		{796C9144-45F9-499A-8D6A-0442E85A0B98} = {74F80CED-05CC-4D74-A4C1-57FC8BCC0BC9}
		{3AD5CE10-043C-4B8F-9EC7-234520100A61} = {74F80CED-05CC-4D74-A4C1-57FC8BCC0BC9}
		{DCBC368D-B996-490C-9479-10813D8940B7} = {74F80CED-05CC-4D74-A4C1-57FC8BCC0BC9}
		{BE94EB46-2E1B-4C8F-9A02-2627C6E73CAC} = {74F80CED-05CC-4D74-A4C1-57FC8BCC0BC9}
		{6BF8A738-2345-4592-84CC-884F9745BEC0} = {74F80CED-05CC-4D74-A4C1-57FC8BCC0BC9}
		{17CA336C-5E18-4980-9B6F-923260AD9C73} = {74F80CED-05CC-4D74-A4C1-57FC8BCC0BC9}
		{554AAD01-533F-40AB-BDC3-81285AB19741} = {74F80CED-05CC-4D74-A4C1-57FC8BCC0BC9}
		{F340136F-9226-4872-88FC-D0C0C9098061} = {74F80CED-05CC-4D74-A4C1-57FC8BCC0BC9}
		{B7385328-376E-4D1E-B62A-D5F7CF31003C} = {74F80CED-05CC-4D74-A4C1-57FC8BCC0BC9}
		{F4D4494A-78F4-4641-A44C-46BA15627EC5} = {74F80CED-05CC-4D74-A4C1-57FC8BCC0BC9}
		{ED9E7766-F7E9-4764-9132-006237AD34C2} = {74F80CED-05CC-4D74-A4C1-57FC8BCC0BC9}
		{10B5392C-A09F-4E29-9573-E5E5B5ACC036} = {74F80CED-05CC-4D74-A4C1-57FC8BCC0BC9}
		{D8A78172-A285-426E-903E-F8DE33BDAEB6} = {74F80CED-05CC-4D74-A4C1-57FC8BCC0BC9}
		{D967061C-E169-4C0C-A889-CBEB55F0DF2A} = {74F80CED-05CC-4D74-A4C1-57FC8BCC0BC9}
		{3C92B979-D944-48A7-AB9A-C6DB8810AD9C} = {74F80CED-05CC-4D74-A4C1-57FC8BCC0BC9}
		{07DA583B-79A9-427C-8BBF-D70C69479460} = {74F80CED-05CC-4D74-A4C1-57FC8BCC0BC9}
		{14DA19D8-3189-47B5-93CD-A46D315BB70D} = {74F80CED-05CC-4D74-A4C1-57FC8BCC0BC9}
		{7321CF81-A673-408B-8DE7-23A00EB194B2} = {74F80CED-05CC-4D74-A4C1-57FC8BCC0BC9}
		{5B5CF6EE-E717-4FF5-A87E-7E3763B8CCEF} = {74F80CED-05CC-4D74-A4C1-57FC8BCC0BC9}
		{DC2FEC6E-C92A-4359-82BC-E710FEA4A185} = {74F80CED-05CC-4D74-A4C1-57FC8BCC0BC9}
		{4DFDC8AE-242B-4473-94BF-128252228349} = {74F80CED-05CC-4D74-A4C1-57FC8BCC0BC9}
		{1841D50E-2561-4C35-993F-D90C136E55D4} = {74F80CED-05CC-4D74-A4C1-57FC8BCC0BC9}
		{334A57AA-6D80-477F-AFC8-2A49FBACC368} = {74F80CED-05CC-4D74-A4C1-57FC8BCC0BC9}
		{9E884945-386B-4852-8BFB-7966040F09F3} = {74F80CED-05CC-4D74-A4C1-57FC8BCC0BC9}
		{9D950F03-5F0D-4701-B6CC-89AE5976C175} = {74F80CED-05CC-4D74-A4C1-57FC8BCC0BC9}
		{D0B454E6-A2B2-45A3-A874-14582B243C51} = {74F80CED-05CC-4D74-A4C1-57FC8BCC0BC9}
		{25ECA479-D27B-4548-82D6-6A2C32FA0A4D} = {D0B454E6-A2B2-45A3-A874-14582B243C51}
		{FBFD6545-5EB8-4873-910E-8F0342F44715} = {D0B454E6-A2B2-45A3-A874-14582B243C51}
		{FA1AD9CA-27AA-4D1C-B49E-A71AE75FF9A4} = {D0B454E6-A2B2-45A3-A874-14582B243C51}
		{2E99BBCD-39C5-4E32-9388-7954DB3B2DFA} = {D0B454E6-A2B2-45A3-A874-14582B243C51}
		{66E86908-FA87-49E3-A389-4091827DAE3D} = {D0B454E6-A2B2-45A3-A874-14582B243C51}
		{C92BF555-F689-4F40-876E-67C1C1AECCEC} = {D0B454E6-A2B2-45A3-A874-14582B243C51}
		{0F5D7875-89FA-4A5E-8390-D6B132090702} = {D0B454E6-A2B2-45A3-A874-14582B243C51}
		{EE870E05-A6DD-48C0-838B-1A5983AB2C23} = {D0B454E6-A2B2-45A3-A874-14582B243C51}
		{C53CD6BD-43AB-46C1-9F70-FD31344CB4C9} = {D0B454E6-A2B2-45A3-A874-14582B243C51}
		{61139EFB-64AF-43B2-9744-6F49E77650BB} = {74F80CED-05CC-4D74-A4C1-57FC8BCC0BC9}
		{140CCE54-E67C-4FA0-9693-D802F6AEBE57} = {74F80CED-05CC-4D74-A4C1-57FC8BCC0BC9}
		{14F13937-159F-4938-BCEE-B1FD388AC7B5} = {74F80CED-05CC-4D74-A4C1-57FC8BCC0BC9}
		{B749B3AD-E3C9-46EA-BF15-B409C0B93575} = {74F80CED-05CC-4D74-A4C1-57FC8BCC0BC9}
		{C89A638A-30B1-4878-9A8E-3E453493FCF5} = {74F80CED-05CC-4D74-A4C1-57FC8BCC0BC9}
		{AB36B8B9-CBEF-4D48-8765-BDF22E735326} = {D0B454E6-A2B2-45A3-A874-14582B243C51}
		{CC8212E5-7FB6-4576-92F2-910448001462} = {74F80CED-05CC-4D74-A4C1-57FC8BCC0BC9}
		{54830E47-0AA2-4A03-A7D1-C4D46B91F062} = {74F80CED-05CC-4D74-A4C1-57FC8BCC0BC9}
		{0B5C8819-E213-43BC-A820-039281E7BC48} = {D0B454E6-A2B2-45A3-A874-14582B243C51}
	EndGlobalSection
	GlobalSection(ExtensibilityGlobals) = postSolution
		SolutionGuid = {2F53264C-6C10-4A4F-986B-50102C8E2371}
	EndGlobalSection
EndGlobal
